{
  "version": 4,
  "terraform_version": "1.3.0",
  "serial": 60,
  "lineage": "188bd105-e93f-b7bd-4bc3-2d46dbb38c09",
  "outputs": {},
  "resources": [
    {
      "mode": "managed",
      "type": "azurerm_application_gateway",
      "name": "default",
      "provider": "provider[\"registry.terraform.io/hashicorp/azurerm\"]",
      "instances": [
        {
          "schema_version": 0,
          "attributes": {
            "authentication_certificate": [],
            "autoscale_configuration": [
              {
                "max_capacity": 10,
                "min_capacity": 2
              }
            ],
            "backend_address_pool": [
              {
                "fqdns": [],
                "id": "/subscriptions/dc6bcfa4-7db8-4f95-afaa-49236377382c/resourceGroups/bug-report-rg/providers/Microsoft.Network/applicationGateways/bug-report-appgateway/backendAddressPools/bug-report-vnet-beap",
                "ip_addresses": [],
                "name": "bug-report-vnet-beap"
              }
            ],
            "backend_http_settings": [
              {
                "affinity_cookie_name": "",
                "authentication_certificate": [],
                "connection_draining": [],
                "cookie_based_affinity": "Disabled",
                "host_name": "",
                "id": "/subscriptions/dc6bcfa4-7db8-4f95-afaa-49236377382c/resourceGroups/bug-report-rg/providers/Microsoft.Network/applicationGateways/bug-report-appgateway/backendHttpSettingsCollection/bug-report-vnet-be-htst",
                "name": "bug-report-vnet-be-htst",
                "path": "/path1/",
                "pick_host_name_from_backend_address": false,
                "port": 80,
                "probe_id": "",
                "probe_name": "",
                "protocol": "Http",
                "request_timeout": 60,
                "trusted_root_certificate_names": []
              }
            ],
            "custom_error_configuration": [],
            "enable_http2": false,
            "fips_enabled": false,
            "firewall_policy_id": "",
            "force_firewall_policy_association": false,
            "frontend_ip_configuration": [
              {
                "id": "/subscriptions/dc6bcfa4-7db8-4f95-afaa-49236377382c/resourceGroups/bug-report-rg/providers/Microsoft.Network/applicationGateways/bug-report-appgateway/frontendIPConfigurations/bug-report-vnet-feip",
                "name": "bug-report-vnet-feip",
                "private_ip_address": "",
                "private_ip_address_allocation": "Dynamic",
                "private_link_configuration_id": "",
                "private_link_configuration_name": "",
                "public_ip_address_id": "/subscriptions/dc6bcfa4-7db8-4f95-afaa-49236377382c/resourceGroups/bug-report-rg/providers/Microsoft.Network/publicIPAddresses/bug-report-pip",
                "subnet_id": ""
              }
            ],
            "frontend_port": [
              {
                "id": "/subscriptions/dc6bcfa4-7db8-4f95-afaa-49236377382c/resourceGroups/bug-report-rg/providers/Microsoft.Network/applicationGateways/bug-report-appgateway/frontendPorts/bug-report-vnet-feport",
                "name": "bug-report-vnet-feport",
                "port": 80
              }
            ],
            "gateway_ip_configuration": [
              {
                "id": "/subscriptions/dc6bcfa4-7db8-4f95-afaa-49236377382c/resourceGroups/bug-report-rg/providers/Microsoft.Network/applicationGateways/bug-report-appgateway/gatewayIPConfigurations/my-gateway-ip-configuration",
                "name": "my-gateway-ip-configuration",
                "subnet_id": "/subscriptions/dc6bcfa4-7db8-4f95-afaa-49236377382c/resourceGroups/bug-report-rg/providers/Microsoft.Network/virtualNetworks/bug-report-vnet/subnets/ag"
              }
            ],
            "global": [],
            "http_listener": [
              {
                "custom_error_configuration": [],
                "firewall_policy_id": "",
                "frontend_ip_configuration_id": "/subscriptions/dc6bcfa4-7db8-4f95-afaa-49236377382c/resourceGroups/bug-report-rg/providers/Microsoft.Network/applicationGateways/bug-report-appgateway/frontendIPConfigurations/bug-report-vnet-feip",
                "frontend_ip_configuration_name": "bug-report-vnet-feip",
                "frontend_port_id": "/subscriptions/dc6bcfa4-7db8-4f95-afaa-49236377382c/resourceGroups/bug-report-rg/providers/Microsoft.Network/applicationGateways/bug-report-appgateway/frontendPorts/bug-report-vnet-feport",
                "frontend_port_name": "bug-report-vnet-feport",
                "host_name": "",
                "host_names": [],
                "id": "/subscriptions/dc6bcfa4-7db8-4f95-afaa-49236377382c/resourceGroups/bug-report-rg/providers/Microsoft.Network/applicationGateways/bug-report-appgateway/httpListeners/bug-report-vnet-httplstn",
                "name": "bug-report-vnet-httplstn",
                "protocol": "Http",
                "require_sni": false,
                "ssl_certificate_id": "",
                "ssl_certificate_name": "",
                "ssl_profile_id": "",
                "ssl_profile_name": ""
              }
            ],
            "id": "/subscriptions/dc6bcfa4-7db8-4f95-afaa-49236377382c/resourceGroups/bug-report-rg/providers/Microsoft.Network/applicationGateways/bug-report-appgateway",
            "identity": [],
            "location": "westeurope",
            "name": "bug-report-appgateway",
            "private_endpoint_connection": [],
            "private_link_configuration": [],
            "probe": [],
            "redirect_configuration": [],
            "request_routing_rule": [
              {
                "backend_address_pool_id": "/subscriptions/dc6bcfa4-7db8-4f95-afaa-49236377382c/resourceGroups/bug-report-rg/providers/Microsoft.Network/applicationGateways/bug-report-appgateway/backendAddressPools/bug-report-vnet-beap",
                "backend_address_pool_name": "bug-report-vnet-beap",
                "backend_http_settings_id": "/subscriptions/dc6bcfa4-7db8-4f95-afaa-49236377382c/resourceGroups/bug-report-rg/providers/Microsoft.Network/applicationGateways/bug-report-appgateway/backendHttpSettingsCollection/bug-report-vnet-be-htst",
                "backend_http_settings_name": "bug-report-vnet-be-htst",
                "http_listener_id": "/subscriptions/dc6bcfa4-7db8-4f95-afaa-49236377382c/resourceGroups/bug-report-rg/providers/Microsoft.Network/applicationGateways/bug-report-appgateway/httpListeners/bug-report-vnet-httplstn",
                "http_listener_name": "bug-report-vnet-httplstn",
                "id": "/subscriptions/dc6bcfa4-7db8-4f95-afaa-49236377382c/resourceGroups/bug-report-rg/providers/Microsoft.Network/applicationGateways/bug-report-appgateway/requestRoutingRules/bug-report-vnet-rqrt",
                "name": "bug-report-vnet-rqrt",
                "priority": 100,
                "redirect_configuration_id": "",
                "redirect_configuration_name": "",
                "rewrite_rule_set_id": "",
                "rewrite_rule_set_name": "",
                "rule_type": "Basic",
                "url_path_map_id": "",
                "url_path_map_name": ""
              }
            ],
            "resource_group_name": "bug-report-rg",
            "rewrite_rule_set": [],
            "sku": [
              {
                "capacity": 0,
                "name": "WAF_v2",
                "tier": "WAF_v2"
              }
            ],
            "ssl_certificate": [],
            "ssl_policy": [
              {
                "cipher_suites": [],
                "disabled_protocols": [],
                "min_protocol_version": "",
                "policy_name": "AppGwSslPolicy20150501",
                "policy_type": "Predefined"
              }
            ],
            "ssl_profile": [],
            "tags": null,
            "timeouts": null,
            "trusted_client_certificate": [],
            "trusted_root_certificate": [],
            "url_path_map": [],
            "waf_configuration": [
              {
                "disabled_rule_group": [],
                "enabled": false,
                "exclusion": [],
                "file_upload_limit_mb": 100,
                "firewall_mode": "Prevention",
                "max_request_body_size_kb": 128,
                "request_body_check": true,
                "rule_set_type": "OWASP",
                "rule_set_version": "3.2"
              }
            ],
            "zones": null
          },
          "sensitive_attributes": [],
          "private": "eyJlMmJmYjczMC1lY2FhLTExZTYtOGY4OC0zNDM2M2JjN2M0YzAiOnsiY3JlYXRlIjo1NDAwMDAwMDAwMDAwLCJkZWxldGUiOjU0MDAwMDAwMDAwMDAsInJlYWQiOjMwMDAwMDAwMDAwMCwidXBkYXRlIjo1NDAwMDAwMDAwMDAwfX0=",
          "dependencies": [
            "azurerm_network_security_group.default",
            "azurerm_public_ip.default",
            "azurerm_resource_group.default",
            "azurerm_virtual_network.default"
          ]
        }
      ]
    },
    {
      "mode": "managed",
      "type": "azurerm_kubernetes_cluster",
      "name": "default",
      "provider": "provider[\"registry.terraform.io/hashicorp/azurerm\"]",
      "instances": [
        {
          "schema_version": 2,
          "attributes": {
            "aci_connector_linux": [],
            "api_server_access_profile": [],
            "api_server_authorized_ip_ranges": [],
            "auto_scaler_profile": [
              {
                "balance_similar_node_groups": false,
                "empty_bulk_delete_max": "10",
                "expander": "random",
                "max_graceful_termination_sec": "600",
                "max_node_provisioning_time": "15m",
                "max_unready_nodes": 3,
                "max_unready_percentage": 45,
                "new_pod_scale_up_delay": "0s",
                "scale_down_delay_after_add": "10m",
                "scale_down_delay_after_delete": "10s",
                "scale_down_delay_after_failure": "3m",
                "scale_down_unneeded": "10m",
                "scale_down_unready": "20m",
                "scale_down_utilization_threshold": "0.5",
                "scan_interval": "10s",
                "skip_nodes_with_local_storage": false,
                "skip_nodes_with_system_pods": true
              }
            ],
            "automatic_channel_upgrade": "patch",
            "azure_active_directory_role_based_access_control": [],
            "azure_policy_enabled": false,
            "confidential_computing": [],
            "custom_ca_trust_certificates_base64": null,
            "default_node_pool": [
              {
                "capacity_reservation_group_id": "",
                "custom_ca_trust_enabled": false,
                "enable_auto_scaling": true,
                "enable_host_encryption": false,
                "enable_node_public_ip": false,
                "fips_enabled": false,
                "host_group_id": "",
                "kubelet_config": [],
                "kubelet_disk_type": "OS",
                "linux_os_config": [],
                "max_count": 16,
                "max_pods": 110,
                "message_of_the_day": "",
                "min_count": 3,
                "name": "system",
                "node_count": 3,
                "node_labels": {},
                "node_network_profile": [],
                "node_public_ip_prefix_id": "",
                "node_taints": null,
                "only_critical_addons_enabled": false,
                "orchestrator_version": "1.26.6",
                "os_disk_size_gb": 128,
                "os_disk_type": "Managed",
                "os_sku": "Ubuntu",
                "pod_subnet_id": "",
                "proximity_placement_group_id": "",
                "scale_down_mode": "Delete",
                "snapshot_id": "",
                "tags": null,
                "temporary_name_for_rotation": "temp",
                "type": "VirtualMachineScaleSets",
                "ultra_ssd_enabled": false,
                "upgrade_settings": [],
                "vm_size": "Standard_D12_v2",
                "vnet_subnet_id": "",
                "workload_runtime": "",
                "zones": null
              }
            ],
            "disk_encryption_set_id": "",
            "dns_prefix": "bug-report-k8s",
            "dns_prefix_private_cluster": "",
            "edge_zone": "",
            "enable_pod_security_policy": false,
            "fqdn": "bug-report-k8s-zf6y5wf2.hcp.westeurope.azmk8s.io",
            "http_application_routing_enabled": false,
            "http_application_routing_zone_name": "",
            "http_proxy_config": [],
            "id": "/subscriptions/dc6bcfa4-7db8-4f95-afaa-49236377382c/resourceGroups/bug-report-rg-AKS/providers/Microsoft.ContainerService/managedClusters/bug-report-cluster",
            "identity": [
              {
                "identity_ids": null,
                "principal_id": "54f19bcb-c1e0-483b-a157-e7d0b6d0c503",
                "tenant_id": "9a323a75-129e-48e6-8724-85b4f03fb0d1",
                "type": "SystemAssigned"
              }
            ],
            "image_cleaner_enabled": false,
            "image_cleaner_interval_hours": 48,
            "ingress_application_gateway": [
              {
                "effective_gateway_id": "/subscriptions/dc6bcfa4-7db8-4f95-afaa-49236377382c/resourceGroups/bug-report-rg/providers/Microsoft.Network/applicationGateways/bug-report-appgateway",
                "gateway_id": "/subscriptions/dc6bcfa4-7db8-4f95-afaa-49236377382c/resourceGroups/bug-report-rg/providers/Microsoft.Network/applicationGateways/bug-report-appgateway",
                "gateway_name": "",
                "ingress_application_gateway_identity": [
                  {
                    "client_id": "8a31a7d2-10f4-4432-bf14-ec03dd68c314",
                    "object_id": "cc8d639a-bb47-4b3b-b21b-903a55dbf55e",
                    "user_assigned_identity_id": "/subscriptions/dc6bcfa4-7db8-4f95-afaa-49236377382c/resourcegroups/MC_bug-report-rg-AKS_bug-report-cluster_westeurope/providers/Microsoft.ManagedIdentity/userAssignedIdentities/ingressapplicationgateway-bug-report-cluster"
                  }
                ],
                "subnet_cidr": "",
                "subnet_id": ""
              }
            ],
            "key_management_service": [],
            "key_vault_secrets_provider": [],
            "kube_admin_config": [],
            "kube_admin_config_raw": "",
            "kube_config": [
              {
                "client_certificate": "LS0tLS1CRUdJTiBDRVJUSUZJQ0FURS0tLS0tCk1JSUZIakNDQXdhZ0F3SUJBZ0lSQUtpUnA1eXBPc0tncGlBaW82a3QxUmN3RFFZSktvWklodmNOQVFFTEJRQXcKRFRFTE1Ba0dBMVVFQXhNQ1kyRXdIaGNOTWpNd09ERTBNRFkxTVRRMVdoY05NalV3T0RFME1EY3dNVFExV2pBdwpNUmN3RlFZRFZRUUtFdzV6ZVhOMFpXMDZiV0Z6ZEdWeWN6RVZNQk1HQTFVRUF4TU1iV0Z6ZEdWeVkyeHBaVzUwCk1JSUNJakFOQmdrcWhraUc5dzBCQVFFRkFBT0NBZzhBTUlJQ0NnS0NBZ0VBM2o5SXVHQW9PNzk0QVdZdDUwME0KK1piRHlDTjZROWxHYlNzSVg4M2pNRmo1bDlvK2dSdHB1TnN2Vno4dW16alZyaEIzYVRSdGU0QlpxeDdHQkdORwpLN2c2ZW9kSlFLVHE1cytoL1FzblpFd0t0RWd5VDFUclQyY3NhSEFBckZ6RG5RK0RldlNWTUhvTjkwNDlBT3BmCmZQWWdDQ29Jb1V6S2xlK2dTRXZLYWpzblIwa3hNUERzZ0Y4aThOWlQzNDlWRU04eDVvcWYyYStaS3FJYnBYdzAKV04rSHRWNDFvL0lCbEN0M2RvSUJFRGtaYWQ4a1J4L0RQRkFFTFQ0V0kzc3ZXUHJjOW9BeG5OdjJjcEJJaUViZgp2R1NxYmYvUTNldmJwdUYxMVdMTWw0bk5pSEhZSmpZZTBEQUtTeGZCdkJXa0VFUyszeVlzUFRxTG43ZkNJUEFhCml1cGNITmZOejNLYjgwWGpEY3djY1hWQU5ZMEhNbUdDemk0Rjhvdmo5OWJJNmlOVHREQ3d3V3hoU2VmZDVhSm4KWmgvbVNEbnlJdXJES1MvQ0NubGp6THhSR2pVTEFPSEJBZjM0eWk2YUZjMCt1eUZBdmZ3SU9LYXVqRXh1WjdlQwp5M2hha1FuVUpBS3RwaS90S2Y1T2s2bmsxQzBXY21UWHJ1TEd4YmFMWFVyOW01NlZpYVBrcGxqeVEyNTlhRXZ5CmZNaGZtajdKakJuQnRiYUNKb1d1SFlqSktCWW95RXo5M0M5MjlVRDN5QXlqZlBYUWJ2UGtFb0J2bTlKb25tL0cKbytReUd5d3FVU0JZYjdWSThvSjlLa1JjMWtsWGE4VUtkNnRkemk5Q0I4MFlKWFNuaUdBQTJBcVRsSWtXWTR0TApxS3ZuRmlWR0JGMTlxUW9LOHJZZmYyc0NBd0VBQWFOV01GUXdEZ1lEVlIwUEFRSC9CQVFEQWdXZ01CTUdBMVVkCkpRUU1NQW9HQ0NzR0FRVUZCd01DTUF3R0ExVWRFd0VCL3dRQ01BQXdId1lEVlIwakJCZ3dGb0FVcEo5Q1BFQjEKdkZrSElkbzdZa3VlVDgzVVJSQXdEUVlKS29aSWh2Y05BUUVMQlFBRGdnSUJBREdvaWVmRGVkRnF1NDBGUXljeAp0dTZ5VzJNQ0lUTkg3UGo4Y2NmS1pXbkg2S3IreUt2TnR2bVRkWHN2QUY2NDFDTXZOQzRYQlNVRklGUS85ZU1uClorcGR0b2k3VC9NK3R4T1ZYM2VTSS9xTjBmOGxaNUZxR1BRMGl5VFJyV0JUWVJWbTZmYTJYc2JRZmJMR3BQd1oKZUFqZm5pa2pxaXR5OWNqUTJiZkRWNXFFWEZIVDFPODY4bWRXUXZyQ05PSFVhaFJ5emxRbUpyT29FSlc4VElRZgpINFlzOE55M2k3ZDBOTi9IMndkOVlPSWpiN01pTTh3MGVpQUhLQ09qaXRLcTh3U2V2QldGZjFkNjdSeEpQdzNSCithUXZ6bnpDRU9qVTB5OHFnbHB6T0xDNnVBMU9lcFpYM1pmZEw2NG1JNk5ZbFlQOGRiNXVBaFVpWjI3VVJpMU0KVWpGVU1nRlZDbUliZE9wSW9yeHZoN3NlYVJxTmcyV0REZkpTei9IQ0RQN29MYTZsREhzZ0dwRktFa1B1NHdZQwpFUitNTkxWVDhJM1dHTXFNMSswTTVwQzIyYjVMdUsvbHZBRUZUZHBobGJMUCs4QUdaeEU4V2FuejZvUGt4djdMCmY0cmdULzJ3dlAxZW4yRnNSYTUydUhSdXl1aDFiVVk4TmU2ZStJblV1djlSTlRKUW1KcUN1ZW14eFZjZ2JySUkKUWpGellZQjNBSXh3bSthSUNSZTFaWWpIZU5YcGZHVDZPTVB1V2UwMWVOU1IzUlVzc3VtQ0hhanlPZE04WUJkSQpVb1ZxV3lKQW96eWc1RlkyZVVxc0NEcm1EeklwREUxQVZ0NGVSZ1hBSXlLb0ZES2w1QWZhNkovejN6dU54VGJnClY1QUc5R0syQktjUmpCUWZ2MG5NQ0w5TAotLS0tLUVORCBDRVJUSUZJQ0FURS0tLS0tCg==",
                "client_key": "LS0tLS1CRUdJTiBSU0EgUFJJVkFURSBLRVktLS0tLQpNSUlKS1FJQkFBS0NBZ0VBM2o5SXVHQW9PNzk0QVdZdDUwME0rWmJEeUNONlE5bEdiU3NJWDgzak1GajVsOW8rCmdSdHB1TnN2Vno4dW16alZyaEIzYVRSdGU0QlpxeDdHQkdOR0s3ZzZlb2RKUUtUcTVzK2gvUXNuWkV3S3RFZ3kKVDFUclQyY3NhSEFBckZ6RG5RK0RldlNWTUhvTjkwNDlBT3BmZlBZZ0NDb0lvVXpLbGUrZ1NFdkthanNuUjBreApNUERzZ0Y4aThOWlQzNDlWRU04eDVvcWYyYStaS3FJYnBYdzBXTitIdFY0MW8vSUJsQ3QzZG9JQkVEa1phZDhrClJ4L0RQRkFFTFQ0V0kzc3ZXUHJjOW9BeG5OdjJjcEJJaUViZnZHU3FiZi9RM2V2YnB1RjExV0xNbDRuTmlISFkKSmpZZTBEQUtTeGZCdkJXa0VFUyszeVlzUFRxTG43ZkNJUEFhaXVwY0hOZk56M0tiODBYakRjd2NjWFZBTlkwSApNbUdDemk0Rjhvdmo5OWJJNmlOVHREQ3d3V3hoU2VmZDVhSm5aaC9tU0RueUl1ckRLUy9DQ25sanpMeFJHalVMCkFPSEJBZjM0eWk2YUZjMCt1eUZBdmZ3SU9LYXVqRXh1WjdlQ3kzaGFrUW5VSkFLdHBpL3RLZjVPazZuazFDMFcKY21UWHJ1TEd4YmFMWFVyOW01NlZpYVBrcGxqeVEyNTlhRXZ5Zk1oZm1qN0pqQm5CdGJhQ0pvV3VIWWpKS0JZbwp5RXo5M0M5MjlVRDN5QXlqZlBYUWJ2UGtFb0J2bTlKb25tL0dvK1F5R3l3cVVTQlliN1ZJOG9KOUtrUmMxa2xYCmE4VUtkNnRkemk5Q0I4MFlKWFNuaUdBQTJBcVRsSWtXWTR0THFLdm5GaVZHQkYxOXFRb0s4cllmZjJzQ0F3RUEKQVFLQ0FnRUFwbUdNS0hQY1N2YUplY3FzSE5oREdXczBBTllHaDFyVzdZMWt4SXhYUSsrb1UzV1FpNGtoT2NIbApqQlNCNkxUQXk0SUtVMWxyaVNUS2ZHQWFjRmg5eE9jejZGejFpdzZyeU1XeWlNVGI1YXREN0RtTWFIV3pnQXRHClpKMU04N3l5dVJkUElES1FxZTBHSFptVjgrU0NQZ1BvY1JRK3g3cThnMGtVbm1zWEN6WmpybXR1Qnl5bWNXaEgKdVROTE1UZVZ3SExNOGNIZjc5RVZBcVMvdThEalU1RnNnR3dhRGpWejF5QS9YQm54Zjlxdld1SXh2NGxZMlFNeQpUVWlJdkdGUlRmVG9qU1hsZm4veDNVeUU4SGpXc0t4UUp1OTN4MXYyWWRXeUtHREJ0OFR6ZU8xNW13bXpRYnBsClNsaHJza29sUEFTclBGWFFrcm9Nb3pLbmc0OGMzbk1GaGJ5ZE05ZWQ0bkdkSUZlUmk2ODZrcFE2R2hEOXBKR0kKZzhkWjBtcmRmMHZUSHUrRUtTcXV5N2dSWEtIUTlxOHA4TEdTbFo5WG1OL0FSWUZXVStiUTh1ejIxSDRuOXRDcgo5UUpiaFJsQ0dlR01XeHVuSFNRek9GdXBCNVE1cERtKyttTGNWTStDRGxLZmJUNTBVWmRKd2R0VkNZVmQzYVRpCk5XVW96UmFNT1NSNmtxSVpXUGoxTHVPUlVBcldLa1VIb3g5clcxcFV5aFdFaHoyWG9NcWJZTGdaaytMM1BFZ2IKVDdXYXEzVGd5MHU4Yk53NXFIK21ndUkzYUt3THlBYUVYajRrMzhNNDF5R01ObE54OTZNcFZOZjFvU2s2WHJVUwp6N1paVUlTTTNqV3FEdjI5NkxzTUNsUm0rUnJNQzZhWStGU3pIWUFjcXdDTml4WEVvOEVDZ2dFQkFPTDFxbVJYCnRqS2JMdTN6VVUyVDdSdFJDbHZDU3ZKc05NbThWdzVPZEdhSHE5b0hGWHdnNHg0aFVnazJTbENvZTV2ZldwV3QKbFpRbUkyT1RzbGhFdjFrUkFYRkZUTHB2YlU4dHBEK3lOejNTanBDeVpyWkVJbVdackZZS1hlaXAxYlFCQ0lReApIT1ZBZUpocDV6bEZwaFVWVUxlVndvQ0Q0UTRRODhHYVgyMFgvQUgyNmFNY3ZOV3UrYlNva1gvVUQyeEhTbjFBCm1INzJPRUVxWG9xaFh3c1lEUzROMUpjM1Z2WVVJOGNoRXZRVkQralRETzZPSUNTWkY2NGhmMGdRaEtqbEtsNUMKaytSRHpncUx2N1ptUFZlcEZWUVZCOVFxYi9hNUt3TXEydjgzYm1wVFUvOHMzNldqaUpiKy9nUDFXTVVXaklMUQpVeVloTVZ1R2c2dG9jS0VDZ2dFQkFQcXZRZHRyczlLUHU5NENkVHM5ZVRwcGpDMG93Zjd4cTRjZ1QrNjlLaUNiCkdtUTdOdlQwUVVMK3pTQmJTYXovRmtMTk1ieDdaOWFwYTBGcDAxd1pSN29aNDJYUkpOam9vQkhrRGVkWS9tUE8KV3psUmxqeEdEc2FIbGJsNG5iRzUxV2QvamZoZ2wyeUlzVHoyOUpPZFJQTXF5Wk0zNzdLeTgwRU82RGJFazUyRApYU1RmZjBJS01DT1lFVHFrUjNsNzJJV0NUSzZ6bFFDeE0yS1k4U3ltay9SVDMwRW1mNzlNR3REd1IwczdRNkNQCnpYVDRud1MrVUhCZXIrSkFJQStHVGs0T2NYemZXczVUbm1TMFJ0Ui94QlJEZDVHRTIreXV0a09pT2xkSWZvS1oKVGtKaDFIeWsvMUxmK3FsOVZzWWpPUFNuZFZyVk9wRmtwS2NSbGtuVFdJc0NnZ0VBSXFRaWpNeENkL2p0c2M0SQpvOUduU0JzWGZLZnNMcEpMZ0ZzcDRub2hGQ0V6SHNVa0IxMHhyVUNpdDlzOGZwRW94TUxUbmJMditMdlZmUFpuCkswZmErT282a1NKbHNyTWRPUStiV1VtSFd2MVBXMUNQa3RSVmQ3Sjc5bW9BcVdsNnY4M0VrZ0M1QzFqS3oyQ2kKdFVBbk9HS1hmbDN5WVJGQUFaaWV5L2NYQjV5NGowZ3pvdnpZNmJpYVRuUElPWDJSbVJKTWtVK1J0eGMzd09LSgpxWmsxMjRpaFFsMUVESXlhemxhR20zYzE0R0Z5bXpQVGJubnMrQWtSN3pjWHFWVTBHbDlZRnlrTVQ3UDF0L0JhCm82bDVSVzcrWFdZVVd0TGJZZ29qUVltQ0FhQmhUd05HOTlUT2tnYWk2NEVpSGxLTmFRK25CTFJ0YkkxMmJpVGEKNWdlNzRRS0NBUUVBdXlsU1FDSS9WYnZlaGJqTUVmaXBwQVRkbFhIU3RTZDE2eU1peXBvTTg5OFphekFTcmZ3WApKWS9iVW9jVmtNVzZ0eEZBU3ZyUDRpTUhZd1ZCdW9kZFdBS3dGbnA1eWtDVUVnZDBvZjk5bnNLWXRVakdwQ1dpCkxuTllRK3Rid1M5L3R4QXl6UGhBMWRXUWpuWEswTk1nZ1hTMm51V3FYbjdnd3ZnQVE3T3Npbk5qZlg0b0l3UTgKUUxidVZod0ZDUngvNGQ0UXBuYUpqc1MrR3FVWm16NmJSRlhDWDRBQTdMQkRiUytYNndGS1VueEs1MFFnWllnNQp3a3ZQZ1ZwakZYUXV6blJXSXVjWGd1aEhYK1NBNVhLbTBJSTJxVHpLZmdGTEwxL1Zzd2o2KzBLK2ZTMVJXZVpPCmdtK2JWQ095UDZoWWc4RHJDM0FibENYU0VMSSt4TXU0VlFLQ0FRQldvRmRsa2JFL28xbkl6Zld4ZEt2NTV3ZGoKZzFIWGRZT1l5SGh2Z05UWTd4VzU5N0FYN0Z4MkpXMlF6YUNqckZBQUdaOXY1YXhjdm5ZcEVxYWFDUUMyVFk0RApWOEdNbzdLL1E5VXNETW9VRW5FNVViMUo5M0tGcXNJcEdIaklsVGRYZ1hXZTY5RzIrQ2ZwVWRWZ3pUaWo2YWlFCnNjcnh1aWo2UCtFUDVWcTluaUdGS2VOS1dSRXU4VGo2akxVNlpSOEJ4UVI5M01YV0J0MHNMWjVsV0gwSWJHODYKbVEzR25QcDF4dFVJV0srcjUrL2tmVFVDMmE0c3JETDNLcXJhUUpXQkUyL1VhS2ZlY2svVnZhTGY4Qm9mRFNSQwp2SjBiMmtFenJtY0xhOVI0RFFlZytXbTJIbUd6WkZWS0g3dVEzVGVWdWZ1RGZVM29FZThQa3dTOTFmZjYKLS0tLS1FTkQgUlNBIFBSSVZBVEUgS0VZLS0tLS0K",
                "cluster_ca_certificate": "LS0tLS1CRUdJTiBDRVJUSUZJQ0FURS0tLS0tCk1JSUU2RENDQXRDZ0F3SUJBZ0lRUlVPNmtiSEFQL05OVm9taFE4Q0JXVEFOQmdrcWhraUc5dzBCQVFzRkFEQU4KTVFzd0NRWURWUVFERXdKallUQWdGdzB5TXpBNE1UUXdOalV4TkRWYUdBOHlNRFV6TURneE5EQTNNREUwTlZvdwpEVEVMTUFrR0ExVUVBeE1DWTJFd2dnSWlNQTBHQ1NxR1NJYjNEUUVCQVFVQUE0SUNEd0F3Z2dJS0FvSUNBUUN3ClY5cnZ5cUVXZXUwTERBM2pPbkN2VlpoZkk4VTFoRmhmTU0zOHJUUmpUU3F5YW5SdXJSMzY0TWRwZ1Q1SzVmaGIKc1lkUzNZQkNmcjlXYmJNbkMrU0Q5cURMVkF3YjZqZWxLM0VNMUpaSGtkMU5pRmFtL1JWL2ZzR3pXZWNvUVhUUgo4c20ydlNHMFMvZTRFc0wwdTNvdlR2VzB2dWc3aENiRVAybG9NeDM1V0tTUTVTQVpNek5sTGJvRnhGeWR6MzRZClBZL0NLNjFoNkRsY002WXIzc0tLeDI1QzNyNDRaZlFiY1lSckltUzNDVC9teFBvUlgrdlJOdDZrL3Qwb2I2ZEwKcWZGdHJxM0tvaGgxdVNZRTZRSTdFREF1T3VVS0ZxUHJoQWtMSWh3ajY4ZlprUDc3L3h1bGhFaHdtNmV2MU50NApDaHFMcDJIMUJJTU94cENWb2RPVlRucXk0VFpLaXdpczhhS2JKYk1sUDR3MTQrQnhnU0IxbUU5WjFvRmU3cHVLCkF0NTRJdGZobmw0b2Q0WU1nRi96QzN0M01JbTlzMzFweWVHSkZta0ZJbjAzSDkwcU5BeHBwR2JGM1E1VWxiT0cKZ3FQWFhRSmZZVFpSbFAwdVJmS3F6alBZaWgzelJYRzNhckROb0xOaEFBTHZrUHYvc2R1R1dweE5lcURFRG10agpsSGp4YXdTcjg2T29oWElCczAvOXN0OEZyQ204R1FWa05adFdabnhjMTJOV0dXcUpSdk0zZGgxZ3poSkdZM25VCmdFSllJZjNPRkt2Y2g1bnMvZVFsYS9CejNqMEVsZ21vc09zMGhyVW42dGdPLzhXSWlXR0xLTW9jSVpJK0Jqb0cKQ0JpUUMrY0tkN1lzY2QzRDNUUU93ZDREQkkraVppWHUwSU9iT2pVWGtRSURBUUFCbzBJd1FEQU9CZ05WSFE4QgpBZjhFQkFNQ0FxUXdEd1lEVlIwVEFRSC9CQVV3QXdFQi96QWRCZ05WSFE0RUZnUVVwSjlDUEVCMXZGa0hJZG83CllrdWVUODNVUlJBd0RRWUpLb1pJaHZjTkFRRUxCUUFEZ2dJQkFLcDRqVzFXSmtZdUZYZHlyc2ZuWFBieEhzWXQKSERwbk5rbmxNeGVJOFUxSGxvcWpyU2h1bFErVmZscGR1R1VISDBkVlhhVHFySWtuUzd6eTVwbzM5T0x3T1hyQgo1T2ZzaE1USndhZE1ldDkzcDRtVnZrQ2cwYWN6Z21qK2xoVVN5bXpYOXlHcEpDY0x2VGtxR3Rwd0QxYUgwQUhJCkQ4VU1samlWdDRmbU11dDI5bzl6Y0hPc2NxVkZ2TzhHOEdEZkp2bUJpMUd1U21KVlUxbkZkOW4xaVJtK1F5RHEKbi9BZlFpR3RYWXZ1YUFGMHM1a3JjTUw1Vkx2UGkwRG5uczRkMkNITnAxKy9iZXJORmtDQ2hCM3FIdmpvWkdvLwpoeCsxSGlsYjBkQnFTOUhRVXp1T1QzU0JSSm5QZWpXSTJIK0JzOStSRU5hTndBNWlVZU5zcUwyTVZiWnpEazVlCjdZRUNNc2FXSzNlVi9LUVFMbG8wQ0hpQ0xNZFlOeHlaeWJMYlB3TVlqY3UvR0s5WGdsTWsyb3g2MVY5K2prdS8Ka0lwSUFxMFBWVlh1UWE2U0hGSlBURDlOU0I2d01KOU1UUENFUWVRNlNzelFuVnV2eWJsOS9kUExXcHFTeENpTwplY1o5WDZFZ3l4VFdhSzIwQTFjK293L1lNNk5xblBrQSsxMWhvc01KRDRtQVMrLzlRemFGUEEzRW5CclVyUThDCjMwSXFRaCtZd0Vram5CUEh5LzEwc2ZCSzhvSVV5Zzl3MDB3WER0eFFhQVlOUk9heW9PQW9zdHNNbW5zQU9QNEYKOWJvMG1Vd1dyM1ZGN3RMd2FHampid095MWpjRDJOSkt0bmh5Z3dib2xDZ2lhVUdwYXRwTHo3KzBWeUxtWmdneQpDQ1c4amxBbXlrTmdyNExHCi0tLS0tRU5EIENFUlRJRklDQVRFLS0tLS0K",
                "host": "https://bug-report-k8s-zf6y5wf2.hcp.westeurope.azmk8s.io:443",
                "password": "0aiq1n3koaqg28bn63vm9zcfocntis1rq3tf48aemyhz43oukdfhnq6qfphz635aiadhwn4vmyt6ndodv17raak3d2zh9shng8gzpujjp8a1fdb2paj3hx57yx841u78",
                "username": "clusterUser_bug-report-rg-AKS_bug-report-cluster"
              }
            ],
            "kube_config_raw": "apiVersion: v1\nclusters:\n- cluster:\n    certificate-authority-data: LS0tLS1CRUdJTiBDRVJUSUZJQ0FURS0tLS0tCk1JSUU2RENDQXRDZ0F3SUJBZ0lRUlVPNmtiSEFQL05OVm9taFE4Q0JXVEFOQmdrcWhraUc5dzBCQVFzRkFEQU4KTVFzd0NRWURWUVFERXdKallUQWdGdzB5TXpBNE1UUXdOalV4TkRWYUdBOHlNRFV6TURneE5EQTNNREUwTlZvdwpEVEVMTUFrR0ExVUVBeE1DWTJFd2dnSWlNQTBHQ1NxR1NJYjNEUUVCQVFVQUE0SUNEd0F3Z2dJS0FvSUNBUUN3ClY5cnZ5cUVXZXUwTERBM2pPbkN2VlpoZkk4VTFoRmhmTU0zOHJUUmpUU3F5YW5SdXJSMzY0TWRwZ1Q1SzVmaGIKc1lkUzNZQkNmcjlXYmJNbkMrU0Q5cURMVkF3YjZqZWxLM0VNMUpaSGtkMU5pRmFtL1JWL2ZzR3pXZWNvUVhUUgo4c20ydlNHMFMvZTRFc0wwdTNvdlR2VzB2dWc3aENiRVAybG9NeDM1V0tTUTVTQVpNek5sTGJvRnhGeWR6MzRZClBZL0NLNjFoNkRsY002WXIzc0tLeDI1QzNyNDRaZlFiY1lSckltUzNDVC9teFBvUlgrdlJOdDZrL3Qwb2I2ZEwKcWZGdHJxM0tvaGgxdVNZRTZRSTdFREF1T3VVS0ZxUHJoQWtMSWh3ajY4ZlprUDc3L3h1bGhFaHdtNmV2MU50NApDaHFMcDJIMUJJTU94cENWb2RPVlRucXk0VFpLaXdpczhhS2JKYk1sUDR3MTQrQnhnU0IxbUU5WjFvRmU3cHVLCkF0NTRJdGZobmw0b2Q0WU1nRi96QzN0M01JbTlzMzFweWVHSkZta0ZJbjAzSDkwcU5BeHBwR2JGM1E1VWxiT0cKZ3FQWFhRSmZZVFpSbFAwdVJmS3F6alBZaWgzelJYRzNhckROb0xOaEFBTHZrUHYvc2R1R1dweE5lcURFRG10agpsSGp4YXdTcjg2T29oWElCczAvOXN0OEZyQ204R1FWa05adFdabnhjMTJOV0dXcUpSdk0zZGgxZ3poSkdZM25VCmdFSllJZjNPRkt2Y2g1bnMvZVFsYS9CejNqMEVsZ21vc09zMGhyVW42dGdPLzhXSWlXR0xLTW9jSVpJK0Jqb0cKQ0JpUUMrY0tkN1lzY2QzRDNUUU93ZDREQkkraVppWHUwSU9iT2pVWGtRSURBUUFCbzBJd1FEQU9CZ05WSFE4QgpBZjhFQkFNQ0FxUXdEd1lEVlIwVEFRSC9CQVV3QXdFQi96QWRCZ05WSFE0RUZnUVVwSjlDUEVCMXZGa0hJZG83CllrdWVUODNVUlJBd0RRWUpLb1pJaHZjTkFRRUxCUUFEZ2dJQkFLcDRqVzFXSmtZdUZYZHlyc2ZuWFBieEhzWXQKSERwbk5rbmxNeGVJOFUxSGxvcWpyU2h1bFErVmZscGR1R1VISDBkVlhhVHFySWtuUzd6eTVwbzM5T0x3T1hyQgo1T2ZzaE1USndhZE1ldDkzcDRtVnZrQ2cwYWN6Z21qK2xoVVN5bXpYOXlHcEpDY0x2VGtxR3Rwd0QxYUgwQUhJCkQ4VU1samlWdDRmbU11dDI5bzl6Y0hPc2NxVkZ2TzhHOEdEZkp2bUJpMUd1U21KVlUxbkZkOW4xaVJtK1F5RHEKbi9BZlFpR3RYWXZ1YUFGMHM1a3JjTUw1Vkx2UGkwRG5uczRkMkNITnAxKy9iZXJORmtDQ2hCM3FIdmpvWkdvLwpoeCsxSGlsYjBkQnFTOUhRVXp1T1QzU0JSSm5QZWpXSTJIK0JzOStSRU5hTndBNWlVZU5zcUwyTVZiWnpEazVlCjdZRUNNc2FXSzNlVi9LUVFMbG8wQ0hpQ0xNZFlOeHlaeWJMYlB3TVlqY3UvR0s5WGdsTWsyb3g2MVY5K2prdS8Ka0lwSUFxMFBWVlh1UWE2U0hGSlBURDlOU0I2d01KOU1UUENFUWVRNlNzelFuVnV2eWJsOS9kUExXcHFTeENpTwplY1o5WDZFZ3l4VFdhSzIwQTFjK293L1lNNk5xblBrQSsxMWhvc01KRDRtQVMrLzlRemFGUEEzRW5CclVyUThDCjMwSXFRaCtZd0Vram5CUEh5LzEwc2ZCSzhvSVV5Zzl3MDB3WER0eFFhQVlOUk9heW9PQW9zdHNNbW5zQU9QNEYKOWJvMG1Vd1dyM1ZGN3RMd2FHampid095MWpjRDJOSkt0bmh5Z3dib2xDZ2lhVUdwYXRwTHo3KzBWeUxtWmdneQpDQ1c4amxBbXlrTmdyNExHCi0tLS0tRU5EIENFUlRJRklDQVRFLS0tLS0K\n    server: https://bug-report-k8s-zf6y5wf2.hcp.westeurope.azmk8s.io:443\n  name: bug-report-cluster\ncontexts:\n- context:\n    cluster: bug-report-cluster\n    user: clusterUser_bug-report-rg-AKS_bug-report-cluster\n  name: bug-report-cluster\ncurrent-context: bug-report-cluster\nkind: Config\npreferences: {}\nusers:\n- name: clusterUser_bug-report-rg-AKS_bug-report-cluster\n  user:\n    client-certificate-data: LS0tLS1CRUdJTiBDRVJUSUZJQ0FURS0tLS0tCk1JSUZIakNDQXdhZ0F3SUJBZ0lSQUtpUnA1eXBPc0tncGlBaW82a3QxUmN3RFFZSktvWklodmNOQVFFTEJRQXcKRFRFTE1Ba0dBMVVFQXhNQ1kyRXdIaGNOTWpNd09ERTBNRFkxTVRRMVdoY05NalV3T0RFME1EY3dNVFExV2pBdwpNUmN3RlFZRFZRUUtFdzV6ZVhOMFpXMDZiV0Z6ZEdWeWN6RVZNQk1HQTFVRUF4TU1iV0Z6ZEdWeVkyeHBaVzUwCk1JSUNJakFOQmdrcWhraUc5dzBCQVFFRkFBT0NBZzhBTUlJQ0NnS0NBZ0VBM2o5SXVHQW9PNzk0QVdZdDUwME0KK1piRHlDTjZROWxHYlNzSVg4M2pNRmo1bDlvK2dSdHB1TnN2Vno4dW16alZyaEIzYVRSdGU0QlpxeDdHQkdORwpLN2c2ZW9kSlFLVHE1cytoL1FzblpFd0t0RWd5VDFUclQyY3NhSEFBckZ6RG5RK0RldlNWTUhvTjkwNDlBT3BmCmZQWWdDQ29Jb1V6S2xlK2dTRXZLYWpzblIwa3hNUERzZ0Y4aThOWlQzNDlWRU04eDVvcWYyYStaS3FJYnBYdzAKV04rSHRWNDFvL0lCbEN0M2RvSUJFRGtaYWQ4a1J4L0RQRkFFTFQ0V0kzc3ZXUHJjOW9BeG5OdjJjcEJJaUViZgp2R1NxYmYvUTNldmJwdUYxMVdMTWw0bk5pSEhZSmpZZTBEQUtTeGZCdkJXa0VFUyszeVlzUFRxTG43ZkNJUEFhCml1cGNITmZOejNLYjgwWGpEY3djY1hWQU5ZMEhNbUdDemk0Rjhvdmo5OWJJNmlOVHREQ3d3V3hoU2VmZDVhSm4KWmgvbVNEbnlJdXJES1MvQ0NubGp6THhSR2pVTEFPSEJBZjM0eWk2YUZjMCt1eUZBdmZ3SU9LYXVqRXh1WjdlQwp5M2hha1FuVUpBS3RwaS90S2Y1T2s2bmsxQzBXY21UWHJ1TEd4YmFMWFVyOW01NlZpYVBrcGxqeVEyNTlhRXZ5CmZNaGZtajdKakJuQnRiYUNKb1d1SFlqSktCWW95RXo5M0M5MjlVRDN5QXlqZlBYUWJ2UGtFb0J2bTlKb25tL0cKbytReUd5d3FVU0JZYjdWSThvSjlLa1JjMWtsWGE4VUtkNnRkemk5Q0I4MFlKWFNuaUdBQTJBcVRsSWtXWTR0TApxS3ZuRmlWR0JGMTlxUW9LOHJZZmYyc0NBd0VBQWFOV01GUXdEZ1lEVlIwUEFRSC9CQVFEQWdXZ01CTUdBMVVkCkpRUU1NQW9HQ0NzR0FRVUZCd01DTUF3R0ExVWRFd0VCL3dRQ01BQXdId1lEVlIwakJCZ3dGb0FVcEo5Q1BFQjEKdkZrSElkbzdZa3VlVDgzVVJSQXdEUVlKS29aSWh2Y05BUUVMQlFBRGdnSUJBREdvaWVmRGVkRnF1NDBGUXljeAp0dTZ5VzJNQ0lUTkg3UGo4Y2NmS1pXbkg2S3IreUt2TnR2bVRkWHN2QUY2NDFDTXZOQzRYQlNVRklGUS85ZU1uClorcGR0b2k3VC9NK3R4T1ZYM2VTSS9xTjBmOGxaNUZxR1BRMGl5VFJyV0JUWVJWbTZmYTJYc2JRZmJMR3BQd1oKZUFqZm5pa2pxaXR5OWNqUTJiZkRWNXFFWEZIVDFPODY4bWRXUXZyQ05PSFVhaFJ5emxRbUpyT29FSlc4VElRZgpINFlzOE55M2k3ZDBOTi9IMndkOVlPSWpiN01pTTh3MGVpQUhLQ09qaXRLcTh3U2V2QldGZjFkNjdSeEpQdzNSCithUXZ6bnpDRU9qVTB5OHFnbHB6T0xDNnVBMU9lcFpYM1pmZEw2NG1JNk5ZbFlQOGRiNXVBaFVpWjI3VVJpMU0KVWpGVU1nRlZDbUliZE9wSW9yeHZoN3NlYVJxTmcyV0REZkpTei9IQ0RQN29MYTZsREhzZ0dwRktFa1B1NHdZQwpFUitNTkxWVDhJM1dHTXFNMSswTTVwQzIyYjVMdUsvbHZBRUZUZHBobGJMUCs4QUdaeEU4V2FuejZvUGt4djdMCmY0cmdULzJ3dlAxZW4yRnNSYTUydUhSdXl1aDFiVVk4TmU2ZStJblV1djlSTlRKUW1KcUN1ZW14eFZjZ2JySUkKUWpGellZQjNBSXh3bSthSUNSZTFaWWpIZU5YcGZHVDZPTVB1V2UwMWVOU1IzUlVzc3VtQ0hhanlPZE04WUJkSQpVb1ZxV3lKQW96eWc1RlkyZVVxc0NEcm1EeklwREUxQVZ0NGVSZ1hBSXlLb0ZES2w1QWZhNkovejN6dU54VGJnClY1QUc5R0syQktjUmpCUWZ2MG5NQ0w5TAotLS0tLUVORCBDRVJUSUZJQ0FURS0tLS0tCg==\n    client-key-data: LS0tLS1CRUdJTiBSU0EgUFJJVkFURSBLRVktLS0tLQpNSUlKS1FJQkFBS0NBZ0VBM2o5SXVHQW9PNzk0QVdZdDUwME0rWmJEeUNONlE5bEdiU3NJWDgzak1GajVsOW8rCmdSdHB1TnN2Vno4dW16alZyaEIzYVRSdGU0QlpxeDdHQkdOR0s3ZzZlb2RKUUtUcTVzK2gvUXNuWkV3S3RFZ3kKVDFUclQyY3NhSEFBckZ6RG5RK0RldlNWTUhvTjkwNDlBT3BmZlBZZ0NDb0lvVXpLbGUrZ1NFdkthanNuUjBreApNUERzZ0Y4aThOWlQzNDlWRU04eDVvcWYyYStaS3FJYnBYdzBXTitIdFY0MW8vSUJsQ3QzZG9JQkVEa1phZDhrClJ4L0RQRkFFTFQ0V0kzc3ZXUHJjOW9BeG5OdjJjcEJJaUViZnZHU3FiZi9RM2V2YnB1RjExV0xNbDRuTmlISFkKSmpZZTBEQUtTeGZCdkJXa0VFUyszeVlzUFRxTG43ZkNJUEFhaXVwY0hOZk56M0tiODBYakRjd2NjWFZBTlkwSApNbUdDemk0Rjhvdmo5OWJJNmlOVHREQ3d3V3hoU2VmZDVhSm5aaC9tU0RueUl1ckRLUy9DQ25sanpMeFJHalVMCkFPSEJBZjM0eWk2YUZjMCt1eUZBdmZ3SU9LYXVqRXh1WjdlQ3kzaGFrUW5VSkFLdHBpL3RLZjVPazZuazFDMFcKY21UWHJ1TEd4YmFMWFVyOW01NlZpYVBrcGxqeVEyNTlhRXZ5Zk1oZm1qN0pqQm5CdGJhQ0pvV3VIWWpKS0JZbwp5RXo5M0M5MjlVRDN5QXlqZlBYUWJ2UGtFb0J2bTlKb25tL0dvK1F5R3l3cVVTQlliN1ZJOG9KOUtrUmMxa2xYCmE4VUtkNnRkemk5Q0I4MFlKWFNuaUdBQTJBcVRsSWtXWTR0THFLdm5GaVZHQkYxOXFRb0s4cllmZjJzQ0F3RUEKQVFLQ0FnRUFwbUdNS0hQY1N2YUplY3FzSE5oREdXczBBTllHaDFyVzdZMWt4SXhYUSsrb1UzV1FpNGtoT2NIbApqQlNCNkxUQXk0SUtVMWxyaVNUS2ZHQWFjRmg5eE9jejZGejFpdzZyeU1XeWlNVGI1YXREN0RtTWFIV3pnQXRHClpKMU04N3l5dVJkUElES1FxZTBHSFptVjgrU0NQZ1BvY1JRK3g3cThnMGtVbm1zWEN6WmpybXR1Qnl5bWNXaEgKdVROTE1UZVZ3SExNOGNIZjc5RVZBcVMvdThEalU1RnNnR3dhRGpWejF5QS9YQm54Zjlxdld1SXh2NGxZMlFNeQpUVWlJdkdGUlRmVG9qU1hsZm4veDNVeUU4SGpXc0t4UUp1OTN4MXYyWWRXeUtHREJ0OFR6ZU8xNW13bXpRYnBsClNsaHJza29sUEFTclBGWFFrcm9Nb3pLbmc0OGMzbk1GaGJ5ZE05ZWQ0bkdkSUZlUmk2ODZrcFE2R2hEOXBKR0kKZzhkWjBtcmRmMHZUSHUrRUtTcXV5N2dSWEtIUTlxOHA4TEdTbFo5WG1OL0FSWUZXVStiUTh1ejIxSDRuOXRDcgo5UUpiaFJsQ0dlR01XeHVuSFNRek9GdXBCNVE1cERtKyttTGNWTStDRGxLZmJUNTBVWmRKd2R0VkNZVmQzYVRpCk5XVW96UmFNT1NSNmtxSVpXUGoxTHVPUlVBcldLa1VIb3g5clcxcFV5aFdFaHoyWG9NcWJZTGdaaytMM1BFZ2IKVDdXYXEzVGd5MHU4Yk53NXFIK21ndUkzYUt3THlBYUVYajRrMzhNNDF5R01ObE54OTZNcFZOZjFvU2s2WHJVUwp6N1paVUlTTTNqV3FEdjI5NkxzTUNsUm0rUnJNQzZhWStGU3pIWUFjcXdDTml4WEVvOEVDZ2dFQkFPTDFxbVJYCnRqS2JMdTN6VVUyVDdSdFJDbHZDU3ZKc05NbThWdzVPZEdhSHE5b0hGWHdnNHg0aFVnazJTbENvZTV2ZldwV3QKbFpRbUkyT1RzbGhFdjFrUkFYRkZUTHB2YlU4dHBEK3lOejNTanBDeVpyWkVJbVdackZZS1hlaXAxYlFCQ0lReApIT1ZBZUpocDV6bEZwaFVWVUxlVndvQ0Q0UTRRODhHYVgyMFgvQUgyNmFNY3ZOV3UrYlNva1gvVUQyeEhTbjFBCm1INzJPRUVxWG9xaFh3c1lEUzROMUpjM1Z2WVVJOGNoRXZRVkQralRETzZPSUNTWkY2NGhmMGdRaEtqbEtsNUMKaytSRHpncUx2N1ptUFZlcEZWUVZCOVFxYi9hNUt3TXEydjgzYm1wVFUvOHMzNldqaUpiKy9nUDFXTVVXaklMUQpVeVloTVZ1R2c2dG9jS0VDZ2dFQkFQcXZRZHRyczlLUHU5NENkVHM5ZVRwcGpDMG93Zjd4cTRjZ1QrNjlLaUNiCkdtUTdOdlQwUVVMK3pTQmJTYXovRmtMTk1ieDdaOWFwYTBGcDAxd1pSN29aNDJYUkpOam9vQkhrRGVkWS9tUE8KV3psUmxqeEdEc2FIbGJsNG5iRzUxV2QvamZoZ2wyeUlzVHoyOUpPZFJQTXF5Wk0zNzdLeTgwRU82RGJFazUyRApYU1RmZjBJS01DT1lFVHFrUjNsNzJJV0NUSzZ6bFFDeE0yS1k4U3ltay9SVDMwRW1mNzlNR3REd1IwczdRNkNQCnpYVDRud1MrVUhCZXIrSkFJQStHVGs0T2NYemZXczVUbm1TMFJ0Ui94QlJEZDVHRTIreXV0a09pT2xkSWZvS1oKVGtKaDFIeWsvMUxmK3FsOVZzWWpPUFNuZFZyVk9wRmtwS2NSbGtuVFdJc0NnZ0VBSXFRaWpNeENkL2p0c2M0SQpvOUduU0JzWGZLZnNMcEpMZ0ZzcDRub2hGQ0V6SHNVa0IxMHhyVUNpdDlzOGZwRW94TUxUbmJMditMdlZmUFpuCkswZmErT282a1NKbHNyTWRPUStiV1VtSFd2MVBXMUNQa3RSVmQ3Sjc5bW9BcVdsNnY4M0VrZ0M1QzFqS3oyQ2kKdFVBbk9HS1hmbDN5WVJGQUFaaWV5L2NYQjV5NGowZ3pvdnpZNmJpYVRuUElPWDJSbVJKTWtVK1J0eGMzd09LSgpxWmsxMjRpaFFsMUVESXlhemxhR20zYzE0R0Z5bXpQVGJubnMrQWtSN3pjWHFWVTBHbDlZRnlrTVQ3UDF0L0JhCm82bDVSVzcrWFdZVVd0TGJZZ29qUVltQ0FhQmhUd05HOTlUT2tnYWk2NEVpSGxLTmFRK25CTFJ0YkkxMmJpVGEKNWdlNzRRS0NBUUVBdXlsU1FDSS9WYnZlaGJqTUVmaXBwQVRkbFhIU3RTZDE2eU1peXBvTTg5OFphekFTcmZ3WApKWS9iVW9jVmtNVzZ0eEZBU3ZyUDRpTUhZd1ZCdW9kZFdBS3dGbnA1eWtDVUVnZDBvZjk5bnNLWXRVakdwQ1dpCkxuTllRK3Rid1M5L3R4QXl6UGhBMWRXUWpuWEswTk1nZ1hTMm51V3FYbjdnd3ZnQVE3T3Npbk5qZlg0b0l3UTgKUUxidVZod0ZDUngvNGQ0UXBuYUpqc1MrR3FVWm16NmJSRlhDWDRBQTdMQkRiUytYNndGS1VueEs1MFFnWllnNQp3a3ZQZ1ZwakZYUXV6blJXSXVjWGd1aEhYK1NBNVhLbTBJSTJxVHpLZmdGTEwxL1Zzd2o2KzBLK2ZTMVJXZVpPCmdtK2JWQ095UDZoWWc4RHJDM0FibENYU0VMSSt4TXU0VlFLQ0FRQldvRmRsa2JFL28xbkl6Zld4ZEt2NTV3ZGoKZzFIWGRZT1l5SGh2Z05UWTd4VzU5N0FYN0Z4MkpXMlF6YUNqckZBQUdaOXY1YXhjdm5ZcEVxYWFDUUMyVFk0RApWOEdNbzdLL1E5VXNETW9VRW5FNVViMUo5M0tGcXNJcEdIaklsVGRYZ1hXZTY5RzIrQ2ZwVWRWZ3pUaWo2YWlFCnNjcnh1aWo2UCtFUDVWcTluaUdGS2VOS1dSRXU4VGo2akxVNlpSOEJ4UVI5M01YV0J0MHNMWjVsV0gwSWJHODYKbVEzR25QcDF4dFVJV0srcjUrL2tmVFVDMmE0c3JETDNLcXJhUUpXQkUyL1VhS2ZlY2svVnZhTGY4Qm9mRFNSQwp2SjBiMmtFenJtY0xhOVI0RFFlZytXbTJIbUd6WkZWS0g3dVEzVGVWdWZ1RGZVM29FZThQa3dTOTFmZjYKLS0tLS1FTkQgUlNBIFBSSVZBVEUgS0VZLS0tLS0K\n    token: 0aiq1n3koaqg28bn63vm9zcfocntis1rq3tf48aemyhz43oukdfhnq6qfphz635aiadhwn4vmyt6ndodv17raak3d2zh9shng8gzpujjp8a1fdb2paj3hx57yx841u78\n",
            "kubelet_identity": [
              {
                "client_id": "488098bc-cffa-43f2-992f-1951bf11c966",
                "object_id": "acd7e657-8797-4fc4-95d1-6ac8fe89bfa2",
                "user_assigned_identity_id": "/subscriptions/dc6bcfa4-7db8-4f95-afaa-49236377382c/resourceGroups/MC_bug-report-rg-AKS_bug-report-cluster_westeurope/providers/Microsoft.ManagedIdentity/userAssignedIdentities/bug-report-cluster-agentpool"
              }
            ],
            "kubernetes_version": "1.26.6",
            "linux_profile": [],
            "local_account_disabled": false,
            "location": "westeurope",
            "maintenance_window": [],
            "maintenance_window_auto_upgrade": [],
            "maintenance_window_node_os": [],
            "microsoft_defender": [],
            "monitor_metrics": [],
            "name": "bug-report-cluster",
            "network_profile": [
              {
                "dns_service_ip": "10.0.0.10",
                "docker_bridge_cidr": "",
                "ebpf_data_plane": "",
                "ip_versions": [
                  "IPv4"
                ],
                "load_balancer_profile": [
                  {
                    "effective_outbound_ips": [
                      "/subscriptions/dc6bcfa4-7db8-4f95-afaa-49236377382c/resourceGroups/MC_bug-report-rg-AKS_bug-report-cluster_westeurope/providers/Microsoft.Network/publicIPAddresses/ee43247c-f665-44f3-95a7-79d48501618e"
                    ],
                    "idle_timeout_in_minutes": 0,
                    "managed_outbound_ip_count": 1,
                    "managed_outbound_ipv6_count": 0,
                    "outbound_ip_address_ids": [],
                    "outbound_ip_prefix_ids": [],
                    "outbound_ports_allocated": 0
                  }
                ],
                "load_balancer_sku": "standard",
                "nat_gateway_profile": [],
                "network_mode": "",
                "network_plugin": "kubenet",
                "network_plugin_mode": "",
                "network_policy": "",
                "outbound_type": "loadBalancer",
                "pod_cidr": "10.244.0.0/16",
                "pod_cidrs": [
                  "10.244.0.0/16"
                ],
                "service_cidr": "10.0.0.0/16",
                "service_cidrs": [
                  "10.0.0.0/16"
                ]
              }
            ],
            "node_os_channel_upgrade": null,
            "node_resource_group": "MC_bug-report-rg-AKS_bug-report-cluster_westeurope",
            "node_resource_group_id": "/subscriptions/dc6bcfa4-7db8-4f95-afaa-49236377382c/resourceGroups/MC_bug-report-rg-AKS_bug-report-cluster_westeurope",
            "oidc_issuer_enabled": false,
            "oidc_issuer_url": "",
            "oms_agent": [],
            "open_service_mesh_enabled": false,
            "portal_fqdn": "bug-report-k8s-zf6y5wf2.portal.hcp.westeurope.azmk8s.io",
            "private_cluster_enabled": false,
            "private_cluster_public_fqdn_enabled": false,
            "private_dns_zone_id": null,
            "private_fqdn": "",
            "public_network_access_enabled": true,
            "resource_group_name": "bug-report-rg-AKS",
            "role_based_access_control_enabled": true,
            "run_command_enabled": true,
            "service_mesh_profile": [],
            "service_principal": [],
            "sku_tier": "Free",
            "storage_profile": [],
            "tags": null,
            "timeouts": null,
            "web_app_routing": [],
            "windows_profile": [],
            "workload_autoscaler_profile": [],
            "workload_identity_enabled": false
          },
          "sensitive_attributes": [],
          "private": "eyJlMmJmYjczMC1lY2FhLTExZTYtOGY4OC0zNDM2M2JjN2M0YzAiOnsiY3JlYXRlIjo1NDAwMDAwMDAwMDAwLCJkZWxldGUiOjU0MDAwMDAwMDAwMDAsInJlYWQiOjMwMDAwMDAwMDAwMCwidXBkYXRlIjo1NDAwMDAwMDAwMDAwfSwic2NoZW1hX3ZlcnNpb24iOiIyIn0=",
          "dependencies": [
            "azurerm_application_gateway.default",
            "azurerm_network_security_group.default",
            "azurerm_public_ip.default",
            "azurerm_resource_group.default",
            "azurerm_resource_group.default-AKS",
            "azurerm_virtual_network.default"
          ]
        }
      ]
    },
    {
      "mode": "managed",
      "type": "azurerm_network_security_group",
      "name": "default",
      "provider": "provider[\"registry.terraform.io/hashicorp/azurerm\"]",
      "instances": [
        {
          "schema_version": 0,
          "attributes": {
            "id": "/subscriptions/dc6bcfa4-7db8-4f95-afaa-49236377382c/resourceGroups/bug-report-rg/providers/Microsoft.Network/networkSecurityGroups/bug-report-ag-nsg",
            "location": "westeurope",
            "name": "bug-report-ag-nsg",
            "resource_group_name": "bug-report-rg",
            "security_rule": [
              {
                "access": "Allow",
                "description": "",
                "destination_address_prefix": "*",
                "destination_address_prefixes": [],
                "destination_application_security_group_ids": [],
                "destination_port_range": "65200-65535",
                "destination_port_ranges": [],
                "direction": "Inbound",
                "name": "AllowApplicationGatewayInboundTrafficNecessaryPorts",
                "priority": 100,
                "protocol": "*",
                "source_address_prefix": "*",
                "source_address_prefixes": [],
                "source_application_security_group_ids": [],
                "source_port_range": "*",
                "source_port_ranges": []
              },
              {
                "access": "Allow",
                "description": "",
                "destination_address_prefix": "*",
                "destination_address_prefixes": [],
                "destination_application_security_group_ids": [],
                "destination_port_range": "80",
                "destination_port_ranges": [],
                "direction": "Inbound",
                "name": "AllowApplicationGatewayInboundTrafficPort80",
                "priority": 101,
                "protocol": "*",
                "source_address_prefix": "*",
                "source_address_prefixes": [],
                "source_application_security_group_ids": [],
                "source_port_range": "*",
                "source_port_ranges": []
              }
            ],
            "tags": null,
            "timeouts": null
          },
          "sensitive_attributes": [],
          "private": "eyJlMmJmYjczMC1lY2FhLTExZTYtOGY4OC0zNDM2M2JjN2M0YzAiOnsiY3JlYXRlIjoxODAwMDAwMDAwMDAwLCJkZWxldGUiOjE4MDAwMDAwMDAwMDAsInJlYWQiOjMwMDAwMDAwMDAwMCwidXBkYXRlIjoxODAwMDAwMDAwMDAwfX0=",
          "dependencies": [
            "azurerm_resource_group.default"
          ]
        }
      ]
    },
    {
      "mode": "managed",
      "type": "azurerm_public_ip",
      "name": "default",
      "provider": "provider[\"registry.terraform.io/hashicorp/azurerm\"]",
      "instances": [
        {
          "schema_version": 0,
          "attributes": {
            "allocation_method": "Static",
            "ddos_protection_mode": "VirtualNetworkInherited",
            "ddos_protection_plan_id": null,
            "domain_name_label": null,
            "edge_zone": "",
            "fqdn": null,
            "id": "/subscriptions/dc6bcfa4-7db8-4f95-afaa-49236377382c/resourceGroups/bug-report-rg/providers/Microsoft.Network/publicIPAddresses/bug-report-pip",
            "idle_timeout_in_minutes": 4,
            "ip_address": "20.229.225.188",
            "ip_tags": null,
            "ip_version": "IPv4",
            "location": "westeurope",
            "name": "bug-report-pip",
            "public_ip_prefix_id": null,
            "resource_group_name": "bug-report-rg",
            "reverse_fqdn": null,
            "sku": "Standard",
            "sku_tier": "Regional",
            "tags": {
              "environment": "bug-report"
            },
            "timeouts": null,
            "zones": null
          },
          "sensitive_attributes": [],
          "private": "eyJlMmJmYjczMC1lY2FhLTExZTYtOGY4OC0zNDM2M2JjN2M0YzAiOnsiY3JlYXRlIjoxODAwMDAwMDAwMDAwLCJkZWxldGUiOjE4MDAwMDAwMDAwMDAsInJlYWQiOjMwMDAwMDAwMDAwMCwidXBkYXRlIjoxODAwMDAwMDAwMDAwfX0=",
          "dependencies": [
            "azurerm_resource_group.default"
          ]
        }
      ]
    },
    {
      "mode": "managed",
      "type": "azurerm_resource_group",
      "name": "default",
      "provider": "provider[\"registry.terraform.io/hashicorp/azurerm\"]",
      "instances": [
        {
          "schema_version": 0,
          "attributes": {
            "id": "/subscriptions/dc6bcfa4-7db8-4f95-afaa-49236377382c/resourceGroups/bug-report-rg",
            "location": "westeurope",
            "managed_by": "",
            "name": "bug-report-rg",
            "tags": null,
            "timeouts": null
          },
          "sensitive_attributes": [],
          "private": "eyJlMmJmYjczMC1lY2FhLTExZTYtOGY4OC0zNDM2M2JjN2M0YzAiOnsiY3JlYXRlIjo1NDAwMDAwMDAwMDAwLCJkZWxldGUiOjU0MDAwMDAwMDAwMDAsInJlYWQiOjMwMDAwMDAwMDAwMCwidXBkYXRlIjo1NDAwMDAwMDAwMDAwfX0="
        }
      ]
    },
    {
      "mode": "managed",
      "type": "azurerm_resource_group",
      "name": "default-AKS",
      "provider": "provider[\"registry.terraform.io/hashicorp/azurerm\"]",
      "instances": [
        {
          "schema_version": 0,
          "attributes": {
            "id": "/subscriptions/dc6bcfa4-7db8-4f95-afaa-49236377382c/resourceGroups/bug-report-rg-AKS",
            "location": "westeurope",
            "managed_by": "",
            "name": "bug-report-rg-AKS",
            "tags": null,
            "timeouts": null
          },
          "sensitive_attributes": [],
          "private": "eyJlMmJmYjczMC1lY2FhLTExZTYtOGY4OC0zNDM2M2JjN2M0YzAiOnsiY3JlYXRlIjo1NDAwMDAwMDAwMDAwLCJkZWxldGUiOjU0MDAwMDAwMDAwMDAsInJlYWQiOjMwMDAwMDAwMDAwMCwidXBkYXRlIjo1NDAwMDAwMDAwMDAwfX0="
        }
      ]
    },
    {
      "mode": "managed",
      "type": "azurerm_role_assignment",
      "name": "aks-agic-ag-1",
      "provider": "provider[\"registry.terraform.io/hashicorp/azurerm\"]",
      "instances": [
        {
          "schema_version": 0,
          "attributes": {
            "condition": "",
            "condition_version": "",
            "delegated_managed_identity_resource_id": "",
            "description": "",
            "id": "/subscriptions/dc6bcfa4-7db8-4f95-afaa-49236377382c/resourcegroups/bug-report-rg/providers/microsoft.network/applicationgateways/bug-report-appgateway/providers/Microsoft.Authorization/roleAssignments/51e20b13-bafa-0a9f-7996-83e480283ae1",
            "name": "51e20b13-bafa-0a9f-7996-83e480283ae1",
            "principal_id": "cc8d639a-bb47-4b3b-b21b-903a55dbf55e",
            "principal_type": "ServicePrincipal",
            "role_definition_id": "/subscriptions/dc6bcfa4-7db8-4f95-afaa-49236377382c/providers/Microsoft.Authorization/roleDefinitions/b24988ac-6180-42a0-ab88-20f7382dd24c",
            "role_definition_name": "Contributor",
            "scope": "/subscriptions/dc6bcfa4-7db8-4f95-afaa-49236377382c/resourcegroups/bug-report-rg/providers/microsoft.network/applicationgateways/bug-report-appgateway",
            "skip_service_principal_aad_check": null,
            "timeouts": null
          },
          "sensitive_attributes": [],
          "private": "eyJlMmJmYjczMC1lY2FhLTExZTYtOGY4OC0zNDM2M2JjN2M0YzAiOnsiY3JlYXRlIjoxODAwMDAwMDAwMDAwLCJkZWxldGUiOjE4MDAwMDAwMDAwMDAsInJlYWQiOjMwMDAwMDAwMDAwMCwidXBkYXRlIjoxODAwMDAwMDAwMDAwfX0=",
          "dependencies": [
            "azurerm_application_gateway.default",
            "azurerm_kubernetes_cluster.default",
            "azurerm_network_security_group.default",
            "azurerm_public_ip.default",
            "azurerm_resource_group.default",
            "azurerm_resource_group.default-AKS",
            "azurerm_virtual_network.default"
          ]
        }
      ]
    },
    {
      "mode": "managed",
      "type": "azurerm_role_assignment",
      "name": "aks-agic-ag-2",
      "provider": "provider[\"registry.terraform.io/hashicorp/azurerm\"]",
      "instances": [
        {
          "schema_version": 0,
          "attributes": {
            "condition": "",
            "condition_version": "",
            "delegated_managed_identity_resource_id": "",
            "description": "",
            "id": "/subscriptions/dc6bcfa4-7db8-4f95-afaa-49236377382c/resourcegroups/bug-report-rg/providers/microsoft.network/applicationgateways/bug-report-appgateway/providers/Microsoft.Authorization/roleAssignments/b447da81-857b-d089-e967-99e0ac79bf66",
            "name": "b447da81-857b-d089-e967-99e0ac79bf66",
            "principal_id": "cc8d639a-bb47-4b3b-b21b-903a55dbf55e",
            "principal_type": "ServicePrincipal",
            "role_definition_id": "/subscriptions/dc6bcfa4-7db8-4f95-afaa-49236377382c/providers/Microsoft.Authorization/roleDefinitions/4d97b98b-1d4f-4787-a291-c67834d212e7",
            "role_definition_name": "Network Contributor",
            "scope": "/subscriptions/dc6bcfa4-7db8-4f95-afaa-49236377382c/resourcegroups/bug-report-rg/providers/microsoft.network/applicationgateways/bug-report-appgateway",
            "skip_service_principal_aad_check": null,
            "timeouts": null
          },
          "sensitive_attributes": [],
          "private": "eyJlMmJmYjczMC1lY2FhLTExZTYtOGY4OC0zNDM2M2JjN2M0YzAiOnsiY3JlYXRlIjoxODAwMDAwMDAwMDAwLCJkZWxldGUiOjE4MDAwMDAwMDAwMDAsInJlYWQiOjMwMDAwMDAwMDAwMCwidXBkYXRlIjoxODAwMDAwMDAwMDAwfX0=",
          "dependencies": [
            "azurerm_application_gateway.default",
            "azurerm_kubernetes_cluster.default",
            "azurerm_network_security_group.default",
            "azurerm_public_ip.default",
            "azurerm_resource_group.default",
            "azurerm_resource_group.default-AKS",
            "azurerm_virtual_network.default"
          ]
        }
      ]
    },
    {
      "mode": "managed",
      "type": "azurerm_role_assignment",
      "name": "aks-agic-rg",
      "provider": "provider[\"registry.terraform.io/hashicorp/azurerm\"]",
      "instances": [
        {
          "schema_version": 0,
          "attributes": {
            "condition": "",
            "condition_version": "",
            "delegated_managed_identity_resource_id": "",
            "description": "",
            "id": "/subscriptions/dc6bcfa4-7db8-4f95-afaa-49236377382c/resourcegroups/bug-report-rg/providers/Microsoft.Authorization/roleAssignments/9773037f-301a-3b66-38db-6f942b41050e",
            "name": "9773037f-301a-3b66-38db-6f942b41050e",
            "principal_id": "cc8d639a-bb47-4b3b-b21b-903a55dbf55e",
            "principal_type": "ServicePrincipal",
            "role_definition_id": "/subscriptions/dc6bcfa4-7db8-4f95-afaa-49236377382c/providers/Microsoft.Authorization/roleDefinitions/acdd72a7-3385-48ef-bd42-f606fba81ae7",
            "role_definition_name": "Reader",
            "scope": "/subscriptions/dc6bcfa4-7db8-4f95-afaa-49236377382c/resourcegroups/bug-report-rg",
            "skip_service_principal_aad_check": null,
            "timeouts": null
          },
          "sensitive_attributes": [],
          "private": "eyJlMmJmYjczMC1lY2FhLTExZTYtOGY4OC0zNDM2M2JjN2M0YzAiOnsiY3JlYXRlIjoxODAwMDAwMDAwMDAwLCJkZWxldGUiOjE4MDAwMDAwMDAwMDAsInJlYWQiOjMwMDAwMDAwMDAwMCwidXBkYXRlIjoxODAwMDAwMDAwMDAwfX0=",
          "dependencies": [
            "azurerm_application_gateway.default",
            "azurerm_kubernetes_cluster.default",
            "azurerm_network_security_group.default",
            "azurerm_public_ip.default",
            "azurerm_resource_group.default",
            "azurerm_resource_group.default-AKS",
            "azurerm_virtual_network.default"
          ]
        }
      ]
    },
    {
      "mode": "managed",
      "type": "azurerm_role_assignment",
      "name": "aks-agic-vnet",
      "provider": "provider[\"registry.terraform.io/hashicorp/azurerm\"]",
      "instances": [
        {
          "schema_version": 0,
          "attributes": {
            "condition": "",
            "condition_version": "",
            "delegated_managed_identity_resource_id": "",
            "description": "",
            "id": "/subscriptions/dc6bcfa4-7db8-4f95-afaa-49236377382c/resourcegroups/bug-report-rg/providers/microsoft.network/virtualnetworks/bug-report-vnet/providers/Microsoft.Authorization/roleAssignments/3edfe1cf-1642-2884-58a6-bbec43776185",
            "name": "3edfe1cf-1642-2884-58a6-bbec43776185",
            "principal_id": "cc8d639a-bb47-4b3b-b21b-903a55dbf55e",
            "principal_type": "ServicePrincipal",
            "role_definition_id": "/subscriptions/dc6bcfa4-7db8-4f95-afaa-49236377382c/providers/Microsoft.Authorization/roleDefinitions/4d97b98b-1d4f-4787-a291-c67834d212e7",
            "role_definition_name": "Network Contributor",
            "scope": "/subscriptions/dc6bcfa4-7db8-4f95-afaa-49236377382c/resourcegroups/bug-report-rg/providers/microsoft.network/virtualnetworks/bug-report-vnet",
            "skip_service_principal_aad_check": null,
            "timeouts": null
          },
          "sensitive_attributes": [],
          "private": "eyJlMmJmYjczMC1lY2FhLTExZTYtOGY4OC0zNDM2M2JjN2M0YzAiOnsiY3JlYXRlIjoxODAwMDAwMDAwMDAwLCJkZWxldGUiOjE4MDAwMDAwMDAwMDAsInJlYWQiOjMwMDAwMDAwMDAwMCwidXBkYXRlIjoxODAwMDAwMDAwMDAwfX0=",
          "dependencies": [
            "azurerm_application_gateway.default",
            "azurerm_kubernetes_cluster.default",
            "azurerm_network_security_group.default",
            "azurerm_public_ip.default",
            "azurerm_resource_group.default",
            "azurerm_resource_group.default-AKS",
            "azurerm_virtual_network.default"
          ]
        }
      ]
    },
    {
      "mode": "managed",
      "type": "azurerm_virtual_network",
      "name": "default",
      "provider": "provider[\"registry.terraform.io/hashicorp/azurerm\"]",
      "instances": [
        {
          "schema_version": 0,
          "attributes": {
            "address_space": [
              "10.240.0.0/12"
            ],
            "bgp_community": "",
            "ddos_protection_plan": [],
            "dns_servers": [],
            "edge_zone": "",
            "encryption": [],
            "flow_timeout_in_minutes": 0,
            "guid": "c77f0a1a-9494-4eaf-8d91-ec7517f904f5",
            "id": "/subscriptions/dc6bcfa4-7db8-4f95-afaa-49236377382c/resourceGroups/bug-report-rg/providers/Microsoft.Network/virtualNetworks/bug-report-vnet",
            "location": "westeurope",
            "name": "bug-report-vnet",
            "resource_group_name": "bug-report-rg",
            "subnet": [
              {
                "address_prefix": "10.240.0.0/16",
                "id": "/subscriptions/dc6bcfa4-7db8-4f95-afaa-49236377382c/resourceGroups/bug-report-rg/providers/Microsoft.Network/virtualNetworks/bug-report-vnet/subnets/ag",
                "name": "ag",
                "security_group": "/subscriptions/dc6bcfa4-7db8-4f95-afaa-49236377382c/resourceGroups/bug-report-rg/providers/Microsoft.Network/networkSecurityGroups/bug-report-ag-nsg"
              }
            ],
            "tags": null,
            "timeouts": null
          },
          "sensitive_attributes": [],
          "private": "eyJlMmJmYjczMC1lY2FhLTExZTYtOGY4OC0zNDM2M2JjN2M0YzAiOnsiY3JlYXRlIjoxODAwMDAwMDAwMDAwLCJkZWxldGUiOjE4MDAwMDAwMDAwMDAsInJlYWQiOjMwMDAwMDAwMDAwMCwidXBkYXRlIjoxODAwMDAwMDAwMDAwfX0=",
          "dependencies": [
            "azurerm_network_security_group.default",
            "azurerm_resource_group.default"
          ]
        }
      ]
    },
    {
      "mode": "managed",
      "type": "azurerm_virtual_network",
      "name": "default-AKS",
      "provider": "provider[\"registry.terraform.io/hashicorp/azurerm\"]",
      "instances": [
        {
          "schema_version": 0,
          "attributes": {
            "address_space": [
              "192.168.1.0/24"
            ],
            "bgp_community": "",
            "ddos_protection_plan": [],
            "dns_servers": [],
            "edge_zone": "",
            "encryption": [],
            "flow_timeout_in_minutes": 0,
            "guid": "197fd8a1-8633-4ace-a130-a5494207b91d",
            "id": "/subscriptions/dc6bcfa4-7db8-4f95-afaa-49236377382c/resourceGroups/bug-report-rg-AKS/providers/Microsoft.Network/virtualNetworks/bug-report-vnet",
            "location": "westeurope",
            "name": "bug-report-vnet",
            "resource_group_name": "bug-report-rg-AKS",
            "subnet": [],
            "tags": null,
            "timeouts": null
          },
          "sensitive_attributes": [],
          "private": "eyJlMmJmYjczMC1lY2FhLTExZTYtOGY4OC0zNDM2M2JjN2M0YzAiOnsiY3JlYXRlIjoxODAwMDAwMDAwMDAwLCJkZWxldGUiOjE4MDAwMDAwMDAwMDAsInJlYWQiOjMwMDAwMDAwMDAwMCwidXBkYXRlIjoxODAwMDAwMDAwMDAwfX0=",
          "dependencies": [
            "azurerm_resource_group.default-AKS"
          ]
        }
      ]
    },
    {
      "mode": "managed",
      "type": "azurerm_virtual_network_peering",
      "name": "ag2aks",
      "provider": "provider[\"registry.terraform.io/hashicorp/azurerm\"]",
      "instances": [
        {
          "schema_version": 0,
          "attributes": {
            "allow_forwarded_traffic": false,
            "allow_gateway_transit": false,
            "allow_virtual_network_access": true,
            "id": "/subscriptions/dc6bcfa4-7db8-4f95-afaa-49236377382c/resourceGroups/bug-report-rg/providers/Microsoft.Network/virtualNetworks/bug-report-vnet/virtualNetworkPeerings/ag2aks",
            "name": "ag2aks",
            "remote_virtual_network_id": "/subscriptions/dc6bcfa4-7db8-4f95-afaa-49236377382c/resourceGroups/bug-report-rg-AKS/providers/Microsoft.Network/virtualNetworks/bug-report-vnet",
            "resource_group_name": "bug-report-rg",
            "timeouts": null,
            "triggers": null,
            "use_remote_gateways": false,
            "virtual_network_name": "bug-report-vnet"
          },
          "sensitive_attributes": [],
          "private": "eyJlMmJmYjczMC1lY2FhLTExZTYtOGY4OC0zNDM2M2JjN2M0YzAiOnsiY3JlYXRlIjoxODAwMDAwMDAwMDAwLCJkZWxldGUiOjE4MDAwMDAwMDAwMDAsInJlYWQiOjMwMDAwMDAwMDAwMCwidXBkYXRlIjoxODAwMDAwMDAwMDAwfX0=",
          "dependencies": [
            "azurerm_network_security_group.default",
            "azurerm_resource_group.default",
            "azurerm_resource_group.default-AKS",
            "azurerm_virtual_network.default",
            "azurerm_virtual_network.default-AKS"
          ]
        }
      ]
    },
    {
      "mode": "managed",
      "type": "azurerm_virtual_network_peering",
      "name": "aks2ag",
      "provider": "provider[\"registry.terraform.io/hashicorp/azurerm\"]",
      "instances": [
        {
          "schema_version": 0,
          "attributes": {
            "allow_forwarded_traffic": false,
            "allow_gateway_transit": false,
            "allow_virtual_network_access": true,
            "id": "/subscriptions/dc6bcfa4-7db8-4f95-afaa-49236377382c/resourceGroups/bug-report-rg-AKS/providers/Microsoft.Network/virtualNetworks/bug-report-vnet/virtualNetworkPeerings/aks2ag",
            "name": "aks2ag",
            "remote_virtual_network_id": "/subscriptions/dc6bcfa4-7db8-4f95-afaa-49236377382c/resourceGroups/bug-report-rg/providers/Microsoft.Network/virtualNetworks/bug-report-vnet",
            "resource_group_name": "bug-report-rg-AKS",
            "timeouts": null,
            "triggers": null,
            "use_remote_gateways": false,
            "virtual_network_name": "bug-report-vnet"
          },
          "sensitive_attributes": [],
          "private": "eyJlMmJmYjczMC1lY2FhLTExZTYtOGY4OC0zNDM2M2JjN2M0YzAiOnsiY3JlYXRlIjoxODAwMDAwMDAwMDAwLCJkZWxldGUiOjE4MDAwMDAwMDAwMDAsInJlYWQiOjMwMDAwMDAwMDAwMCwidXBkYXRlIjoxODAwMDAwMDAwMDAwfX0=",
          "dependencies": [
            "azurerm_network_security_group.default",
            "azurerm_resource_group.default",
            "azurerm_resource_group.default-AKS",
            "azurerm_virtual_network.default",
            "azurerm_virtual_network.default-AKS"
          ]
        }
      ]
    }
  ],
  "check_results": []
}
