{
  "version": 4,
  "terraform_version": "1.3.0",
  "serial": 45,
  "lineage": "188bd105-e93f-b7bd-4bc3-2d46dbb38c09",
  "outputs": {},
  "resources": [
    {
      "mode": "managed",
      "type": "azurerm_application_gateway",
      "name": "default",
      "provider": "provider[\"registry.terraform.io/hashicorp/azurerm\"]",
      "instances": [
        {
          "schema_version": 0,
          "attributes": {
            "authentication_certificate": [],
            "autoscale_configuration": [
              {
                "max_capacity": 10,
                "min_capacity": 2
              }
            ],
            "backend_address_pool": [
              {
                "fqdns": [],
                "id": "/subscriptions/dc6bcfa4-7db8-4f95-afaa-49236377382c/resourceGroups/bug-report-rg/providers/Microsoft.Network/applicationGateways/bug-report-appgateway/backendAddressPools/bug-report-vnet-beap",
                "ip_addresses": [],
                "name": "bug-report-vnet-beap"
              }
            ],
            "backend_http_settings": [
              {
                "affinity_cookie_name": "",
                "authentication_certificate": [],
                "connection_draining": [],
                "cookie_based_affinity": "Disabled",
                "host_name": "",
                "id": "/subscriptions/dc6bcfa4-7db8-4f95-afaa-49236377382c/resourceGroups/bug-report-rg/providers/Microsoft.Network/applicationGateways/bug-report-appgateway/backendHttpSettingsCollection/bug-report-vnet-be-htst",
                "name": "bug-report-vnet-be-htst",
                "path": "/path1/",
                "pick_host_name_from_backend_address": false,
                "port": 80,
                "probe_id": "",
                "probe_name": "",
                "protocol": "Http",
                "request_timeout": 60,
                "trusted_root_certificate_names": []
              }
            ],
            "custom_error_configuration": [],
            "enable_http2": false,
            "fips_enabled": false,
            "firewall_policy_id": "",
            "force_firewall_policy_association": false,
            "frontend_ip_configuration": [
              {
                "id": "/subscriptions/dc6bcfa4-7db8-4f95-afaa-49236377382c/resourceGroups/bug-report-rg/providers/Microsoft.Network/applicationGateways/bug-report-appgateway/frontendIPConfigurations/bug-report-vnet-feip",
                "name": "bug-report-vnet-feip",
                "private_ip_address": "",
                "private_ip_address_allocation": "Dynamic",
                "private_link_configuration_id": "",
                "private_link_configuration_name": "",
                "public_ip_address_id": "/subscriptions/dc6bcfa4-7db8-4f95-afaa-49236377382c/resourceGroups/bug-report-rg/providers/Microsoft.Network/publicIPAddresses/bug-report-pip",
                "subnet_id": ""
              }
            ],
            "frontend_port": [
              {
                "id": "/subscriptions/dc6bcfa4-7db8-4f95-afaa-49236377382c/resourceGroups/bug-report-rg/providers/Microsoft.Network/applicationGateways/bug-report-appgateway/frontendPorts/bug-report-vnet-feport",
                "name": "bug-report-vnet-feport",
                "port": 80
              }
            ],
            "gateway_ip_configuration": [
              {
                "id": "/subscriptions/dc6bcfa4-7db8-4f95-afaa-49236377382c/resourceGroups/bug-report-rg/providers/Microsoft.Network/applicationGateways/bug-report-appgateway/gatewayIPConfigurations/my-gateway-ip-configuration",
                "name": "my-gateway-ip-configuration",
                "subnet_id": "/subscriptions/dc6bcfa4-7db8-4f95-afaa-49236377382c/resourceGroups/bug-report-rg/providers/Microsoft.Network/virtualNetworks/bug-report-vnet/subnets/ag"
              }
            ],
            "global": [],
            "http_listener": [
              {
                "custom_error_configuration": [],
                "firewall_policy_id": "",
                "frontend_ip_configuration_id": "/subscriptions/dc6bcfa4-7db8-4f95-afaa-49236377382c/resourceGroups/bug-report-rg/providers/Microsoft.Network/applicationGateways/bug-report-appgateway/frontendIPConfigurations/bug-report-vnet-feip",
                "frontend_ip_configuration_name": "bug-report-vnet-feip",
                "frontend_port_id": "/subscriptions/dc6bcfa4-7db8-4f95-afaa-49236377382c/resourceGroups/bug-report-rg/providers/Microsoft.Network/applicationGateways/bug-report-appgateway/frontendPorts/bug-report-vnet-feport",
                "frontend_port_name": "bug-report-vnet-feport",
                "host_name": "",
                "host_names": [],
                "id": "/subscriptions/dc6bcfa4-7db8-4f95-afaa-49236377382c/resourceGroups/bug-report-rg/providers/Microsoft.Network/applicationGateways/bug-report-appgateway/httpListeners/bug-report-vnet-httplstn",
                "name": "bug-report-vnet-httplstn",
                "protocol": "Http",
                "require_sni": false,
                "ssl_certificate_id": "",
                "ssl_certificate_name": "",
                "ssl_profile_id": "",
                "ssl_profile_name": ""
              }
            ],
            "id": "/subscriptions/dc6bcfa4-7db8-4f95-afaa-49236377382c/resourceGroups/bug-report-rg/providers/Microsoft.Network/applicationGateways/bug-report-appgateway",
            "identity": [],
            "location": "westeurope",
            "name": "bug-report-appgateway",
            "private_endpoint_connection": [],
            "private_link_configuration": [],
            "probe": [],
            "redirect_configuration": [],
            "request_routing_rule": [
              {
                "backend_address_pool_id": "/subscriptions/dc6bcfa4-7db8-4f95-afaa-49236377382c/resourceGroups/bug-report-rg/providers/Microsoft.Network/applicationGateways/bug-report-appgateway/backendAddressPools/bug-report-vnet-beap",
                "backend_address_pool_name": "bug-report-vnet-beap",
                "backend_http_settings_id": "/subscriptions/dc6bcfa4-7db8-4f95-afaa-49236377382c/resourceGroups/bug-report-rg/providers/Microsoft.Network/applicationGateways/bug-report-appgateway/backendHttpSettingsCollection/bug-report-vnet-be-htst",
                "backend_http_settings_name": "bug-report-vnet-be-htst",
                "http_listener_id": "/subscriptions/dc6bcfa4-7db8-4f95-afaa-49236377382c/resourceGroups/bug-report-rg/providers/Microsoft.Network/applicationGateways/bug-report-appgateway/httpListeners/bug-report-vnet-httplstn",
                "http_listener_name": "bug-report-vnet-httplstn",
                "id": "/subscriptions/dc6bcfa4-7db8-4f95-afaa-49236377382c/resourceGroups/bug-report-rg/providers/Microsoft.Network/applicationGateways/bug-report-appgateway/requestRoutingRules/bug-report-vnet-rqrt",
                "name": "bug-report-vnet-rqrt",
                "priority": 100,
                "redirect_configuration_id": "",
                "redirect_configuration_name": "",
                "rewrite_rule_set_id": "",
                "rewrite_rule_set_name": "",
                "rule_type": "Basic",
                "url_path_map_id": "",
                "url_path_map_name": ""
              }
            ],
            "resource_group_name": "bug-report-rg",
            "rewrite_rule_set": [],
            "sku": [
              {
                "capacity": 0,
                "name": "WAF_v2",
                "tier": "WAF_v2"
              }
            ],
            "ssl_certificate": [],
            "ssl_policy": [
              {
                "cipher_suites": [],
                "disabled_protocols": [],
                "min_protocol_version": "",
                "policy_name": "AppGwSslPolicy20150501",
                "policy_type": "Predefined"
              }
            ],
            "ssl_profile": [],
            "tags": {},
            "timeouts": null,
            "trusted_client_certificate": [],
            "trusted_root_certificate": [],
            "url_path_map": [],
            "waf_configuration": [
              {
                "disabled_rule_group": [],
                "enabled": false,
                "exclusion": [],
                "file_upload_limit_mb": 100,
                "firewall_mode": "Prevention",
                "max_request_body_size_kb": 128,
                "request_body_check": true,
                "rule_set_type": "OWASP",
                "rule_set_version": "3.2"
              }
            ],
            "zones": []
          },
          "sensitive_attributes": [],
          "private": "eyJlMmJmYjczMC1lY2FhLTExZTYtOGY4OC0zNDM2M2JjN2M0YzAiOnsiY3JlYXRlIjo1NDAwMDAwMDAwMDAwLCJkZWxldGUiOjU0MDAwMDAwMDAwMDAsInJlYWQiOjMwMDAwMDAwMDAwMCwidXBkYXRlIjo1NDAwMDAwMDAwMDAwfX0=",
          "dependencies": [
            "azurerm_network_security_group.default",
            "azurerm_public_ip.default",
            "azurerm_resource_group.default",
            "azurerm_virtual_network.default"
          ]
        }
      ]
    },
    {
      "mode": "managed",
      "type": "azurerm_kubernetes_cluster",
      "name": "default",
      "provider": "provider[\"registry.terraform.io/hashicorp/azurerm\"]",
      "instances": [
        {
          "schema_version": 2,
          "attributes": {
            "aci_connector_linux": [],
            "api_server_access_profile": [],
            "api_server_authorized_ip_ranges": [],
            "auto_scaler_profile": [
              {
                "balance_similar_node_groups": false,
                "empty_bulk_delete_max": "10",
                "expander": "random",
                "max_graceful_termination_sec": "600",
                "max_node_provisioning_time": "15m",
                "max_unready_nodes": 3,
                "max_unready_percentage": 45,
                "new_pod_scale_up_delay": "0s",
                "scale_down_delay_after_add": "10m",
                "scale_down_delay_after_delete": "10s",
                "scale_down_delay_after_failure": "3m",
                "scale_down_unneeded": "10m",
                "scale_down_unready": "20m",
                "scale_down_utilization_threshold": "0.5",
                "scan_interval": "10s",
                "skip_nodes_with_local_storage": false,
                "skip_nodes_with_system_pods": true
              }
            ],
            "automatic_channel_upgrade": "patch",
            "azure_active_directory_role_based_access_control": [],
            "azure_policy_enabled": false,
            "confidential_computing": [],
            "custom_ca_trust_certificates_base64": [],
            "default_node_pool": [
              {
                "capacity_reservation_group_id": "",
                "custom_ca_trust_enabled": false,
                "enable_auto_scaling": true,
                "enable_host_encryption": false,
                "enable_node_public_ip": false,
                "fips_enabled": false,
                "host_group_id": "",
                "kubelet_config": [],
                "kubelet_disk_type": "OS",
                "linux_os_config": [],
                "max_count": 16,
                "max_pods": 110,
                "message_of_the_day": "",
                "min_count": 3,
                "name": "system",
                "node_count": 3,
                "node_labels": {},
                "node_network_profile": [],
                "node_public_ip_prefix_id": "",
                "node_taints": [],
                "only_critical_addons_enabled": false,
                "orchestrator_version": "1.26.6",
                "os_disk_size_gb": 128,
                "os_disk_type": "Managed",
                "os_sku": "Ubuntu",
                "pod_subnet_id": "",
                "proximity_placement_group_id": "",
                "scale_down_mode": "Delete",
                "snapshot_id": "",
                "tags": {},
                "temporary_name_for_rotation": "temp",
                "type": "VirtualMachineScaleSets",
                "ultra_ssd_enabled": false,
                "upgrade_settings": [],
                "vm_size": "Standard_D12_v2",
                "vnet_subnet_id": "",
                "workload_runtime": "",
                "zones": []
              }
            ],
            "disk_encryption_set_id": "",
            "dns_prefix": "bug-report-k8s",
            "dns_prefix_private_cluster": "",
            "edge_zone": "",
            "enable_pod_security_policy": false,
            "fqdn": "bug-report-k8s-6vqfdb00.hcp.westeurope.azmk8s.io",
            "http_application_routing_enabled": false,
            "http_application_routing_zone_name": "",
            "http_proxy_config": [],
            "id": "/subscriptions/dc6bcfa4-7db8-4f95-afaa-49236377382c/resourceGroups/bug-report-rg-AKS/providers/Microsoft.ContainerService/managedClusters/bug-report-cluster",
            "identity": [
              {
                "identity_ids": [],
                "principal_id": "bbdf3f1c-19a1-424d-b169-b30c05fe49b5",
                "tenant_id": "9a323a75-129e-48e6-8724-85b4f03fb0d1",
                "type": "SystemAssigned"
              }
            ],
            "image_cleaner_enabled": false,
            "image_cleaner_interval_hours": 48,
            "ingress_application_gateway": [
              {
                "effective_gateway_id": "/subscriptions/dc6bcfa4-7db8-4f95-afaa-49236377382c/resourceGroups/bug-report-rg/providers/Microsoft.Network/applicationGateways/bug-report-appgateway",
                "gateway_id": "/subscriptions/dc6bcfa4-7db8-4f95-afaa-49236377382c/resourceGroups/bug-report-rg/providers/Microsoft.Network/applicationGateways/bug-report-appgateway",
                "gateway_name": "",
                "ingress_application_gateway_identity": [
                  {
                    "client_id": "6ba7e43b-d497-4e10-9632-29734cf0addf",
                    "object_id": "6c3b0081-acb1-476f-b01d-d1a17e142d98",
                    "user_assigned_identity_id": "/subscriptions/dc6bcfa4-7db8-4f95-afaa-49236377382c/resourcegroups/MC_bug-report-rg-AKS_bug-report-cluster_westeurope/providers/Microsoft.ManagedIdentity/userAssignedIdentities/ingressapplicationgateway-bug-report-cluster"
                  }
                ],
                "subnet_cidr": "",
                "subnet_id": ""
              }
            ],
            "key_management_service": [],
            "key_vault_secrets_provider": [],
            "kube_admin_config": [],
            "kube_admin_config_raw": "",
            "kube_config": [
              {
                "client_certificate": "LS0tLS1CRUdJTiBDRVJUSUZJQ0FURS0tLS0tCk1JSUZIVENDQXdXZ0F3SUJBZ0lRSW5XR3hsbEZyWkp0ZXZHbXk1R0s3VEFOQmdrcWhraUc5dzBCQVFzRkFEQU4KTVFzd0NRWURWUVFERXdKallUQWVGdzB5TXpBNE1UTXhNVFF6TURCYUZ3MHlOVEE0TVRNeE1UVXpNREJhTURBeApGekFWQmdOVkJBb1REbk41YzNSbGJUcHRZWE4wWlhKek1SVXdFd1lEVlFRREV3eHRZWE4wWlhKamJHbGxiblF3CmdnSWlNQTBHQ1NxR1NJYjNEUUVCQVFVQUE0SUNEd0F3Z2dJS0FvSUNBUUR4aVV6SmlvZExlZGJiUCsrUWlEbHgKQzEwTjFJU2FQeEZEZUF6MmJwQi9vOFIyY0dtUG5VQllXazNXa0xGNGpWdGxpRjZFaThyQkZBa3JyUU4wTW9qYgpVaDA1TE1LUld5VU1kc1lLVk1zRFdGV1h2cWpxWURiNlZTaFp4dmhXOVJXSlU0eEJORkRQclhCcUxtZWFqOGgwCngrMk5acUZ2Q2QrZzU3QlV6YitvVnkrNTRoeGgwV0trYkZCb2lFZmxINWowVFJJRi9Wa3dDSjYySXcydGpIR0MKRDJTSERxd2dlK2hzY2Y0bmk5M1Q4MDQ0aFhzc1ZaSHNndkFGVFAremFpY2NYY1ROUnoyUDZ1SS9UaUFDWmtWZwptaHcvUGI2anh6VHBzSmllTHlscVJsU21wVHZqSVVPNUVMbXJkU25kdWExWXVvSjdkZXhkbFRSV1kzSXhDSGpRCmlCdmZ1dUg2ZkpVczJuV1p5Mmg4S294UkJDeVYvNDFzZ0VxSk9vVUhLZE9WTjRwYlFHbzJ2cGxtdWpxTTdDbWMKaU43Umw1MUpsR1J4SDZhL1R1ckpBMXREcWdGR0NqdU16SUpQdnNtVXNFaERoVDlSNTE2NVNJd0pJZ0dYWERMZApaRlYxRFNJbVFIbG1VZkhPbDFMcFNKd3hsTit1TXBLOWRCbDNTQ3A5TitFMHJHdTBQZ3JWTXNGVko5S3dhcVZ2CkVlT0dCc0U3dXVUbGh0ZUptZDVBK2JxNmhJNmx0bytDS0NwTHdPZkRJTU4xQjFsbm1HbEI4RkhJZ2ZPRWx2a3QKR0krb3RROGt5NTZ6aTU3VHIzWTBjclFET0FteGJaMmxCcXNNZnRWa0tFNlhVSlNIbGNHcERUakx2b282ck9EZApobnR4ejVodU52YUJIeGFZUE45cDFRSURBUUFCbzFZd1ZEQU9CZ05WSFE4QkFmOEVCQU1DQmFBd0V3WURWUjBsCkJBd3dDZ1lJS3dZQkJRVUhBd0l3REFZRFZSMFRBUUgvQkFJd0FEQWZCZ05WSFNNRUdEQVdnQlJpUmZ0c1Y2MWkKR29jdXR1UE5HOThoQmRZOXR6QU5CZ2txaGtpRzl3MEJBUXNGQUFPQ0FnRUFQa1dlRzVrNXdxS0RoYUE1MzlkSwpWbldIbW9jUnM1WTA2RXlVNmRVV0c5ck4vL2VpdVNJUVBvSk9TSC91VGRFeXY1NUxwU2ZYMXBDUkFNRmtRRlh1Cjh2K0R5RnR0QjlTOFRaVFA0NmFNY0dSaVk1TmdQS0FTdkhEWWNnREc1bUM4WEFBdld0TmVTanc4RXNFL0hGbGwKMUFycFB4SnlBeTVZQzNjN0pqbEdkOTBkSlcxMXljVG8rcVpzcGNmYXNPbUlTYnZQV1htN0FWWXlTZ1hZcXZ6aQpFbkZOQ2FucWliTnphVGJUYXhtbHpZcCtrME80ZXVqdjdOTDAreXpvZFI5aW51RGh2SzVEVEwwT3JLS2VTR0NICnBZcjJvL1NGWjdtMVAvS2JndFRJWTNQMkhITmcwRTUzVUY1MEkvSE83a3pXLzAzdUtoUGhGbVNZS2JJNng1TzEKRzk2b09hSFF6RGFqY05HMnNNZGh1aE1VaTcwaUlQN0NzN0JudisrU2xBZ25DR0dhbEQ3bGx5NmlMdmh6WTQ3Mgp6Ym15ZEo4MGU2MlBxd21YZEZCTm5PeFVnQVU1SmkwNy9LTG42R3pHakhEeStsSnVCNElhaGN1SG5iSEk4WHRvCnpKd01QdytrMHgwSGR6eTJadzlPakJUQnA3Y3lMU0ZRamJOSGdEMUNlU3ZOeDc1ZWI2dDFsMnR2VXFvK1M1VVQKVEd0cmJuLzJtMDFiMkVYQmt0OGFiMlRlcEVFdjQybjJGSE9GOEVZSTNsWlVuVDJlcEdWVkZOdU1UbkhYbER1cgpjVGpSTEx6M0dPd2FWWDBhMGpzUlI0cVZwUU9yMWRwdkMrVzA4M1hVMWs2UUIrSWdCOWtXT2twVDdNQ2NJejVKClI5a015R1ZPdXBFeFpBTjFkSUVVRjBvPQotLS0tLUVORCBDRVJUSUZJQ0FURS0tLS0tCg==",
                "client_key": "LS0tLS1CRUdJTiBSU0EgUFJJVkFURSBLRVktLS0tLQpNSUlKS2dJQkFBS0NBZ0VBOFlsTXlZcUhTM25XMnovdmtJZzVjUXRkRGRTRW1qOFJRM2dNOW02UWY2UEVkbkJwCmo1MUFXRnBOMXBDeGVJMWJaWWhlaEl2S3dSUUpLNjBEZERLSTIxSWRPU3pDa1ZzbERIYkdDbFRMQTFoVmw3Nm8KNm1BMitsVW9XY2I0VnZVVmlWT01RVFJRejYxd2FpNW5tby9JZE1mdGpXYWhid25mb09ld1ZNMi9xRmN2dWVJYwpZZEZpcEd4UWFJaEg1UitZOUUwU0JmMVpNQWlldGlNTnJZeHhnZzlraHc2c0lIdm9iSEgrSjR2ZDAvTk9PSVY3CkxGV1I3SUx3QlV6L3Myb25IRjNFelVjOWorcmlQMDRnQW1aRllKb2NQejIrbzhjMDZiQ1luaThwYWtaVXBxVTcKNHlGRHVSQzVxM1VwM2JtdFdMcUNlM1hzWFpVMFZtTnlNUWg0MElnYjM3cmgrbnlWTE5wMW1jdG9mQ3FNVVFRcwpsZitOYklCS2lUcUZCeW5UbFRlS1cwQnFOcjZaWnJvNmpPd3BuSWplMFplZFNaUmtjUittdjA3cXlRTmJRNm9CClJnbzdqTXlDVDc3SmxMQklRNFUvVWVkZXVVaU1DU0lCbDF3eTNXUlZkUTBpSmtCNVpsSHh6cGRTNlVpY01aVGYKcmpLU3ZYUVpkMGdxZlRmaE5LeHJ0RDRLMVRMQlZTZlNzR3FsYnhIamhnYkJPN3JrNVliWGlabmVRUG02dW9TTwpwYmFQZ2lncVM4RG53eUREZFFkWlo1aHBRZkJSeUlIemhKYjVMUmlQcUxVUEpNdWVzNHVlMDY5Mk5ISzBBemdKCnNXMmRwUWFyREg3VlpDaE9sMUNVaDVYQnFRMDR5NzZLT3F6ZzNZWjdjYytZYmpiMmdSOFdtRHpmYWRVQ0F3RUEKQVFLQ0FnRUF6UVlzNWc3dTFVUncrdDhFclh6VXRYNWQyTFdDY2FRRE5YQWNJTHF0Y1l0RDR2MTh2V2xRQ3k5cwpUeXUzV1lzei83V0g5WjdyMW9UNVc5ZWF6UEZ3ZGlyM24yYTlLY0ZpYTNnT2x3cHU0VUlFTmJDamxYOWlhNUFKCmxsdHN4Zk4zK24rdTJGSmVIa3NzMXhUWTRMd1gvZmtQVGkzRjdvbEZDRUppelRsdzdLWkZYdFh1SGFJc3gwRWgKNS9sMmZha2FucFVsTFd4bVhuMlNxeXlLR2J6VFJRRm41YlN3cTBwQ2Vuc3dyOFRyNFZQd0c4NUNSZG5FNml3agpMWHkwdUVqdE5nanFXdzJUMWl3ZExIdFdkSEwzaFE2TDE2ckR2aVlFWmpGKyt4Y3hZb0tjckhBcHE1eTY3Y2FpCnRFWFo2ZG9JcVA1NGIvQWpXVFNqbm9qL2oxdVBvRjBnQ0FiQWF3L2NTN28vMGs5TE1tNkhGZ2RkdXNKclowNzUKdURaYUZEazgzd3dPVGxHclJjOEVrdi9GZ0dvMFZDR0VPdHg5RnhGVTlWSGhDMmJxd0YyMmVZOVMxUllZdC9MWAptbWlRZmFjNHhOc3Znd0daQUYxZHViOGdqY3JRU3Nydk41b3gyQzBoRGc0L094bUJ5SUE0R1ZiTC9mbTY3L3NNClA0ay9yWlBIK3YyWTVJa0cxa2UrRXFwYnR5bnExMnp4OXZxZ3M1bUxWUFplaGZxSi95eHBVMVVjTWpJTTlmZFUKOGovaWhMeW9aNXRaM3hQOW14Y0szbWFlUlFiUzB3SEFYdlpubVBMbmxFcDM5QTcyVkFKVEgzc2MrbFBxbWRSegpyRk55d2I1c0JJVXJFbjl0VndrdEI1YTI1QUFMOVlmK2NtbldHQndJWC9YTFpIMVE0WUVDZ2dFQkFQbnhDelNJCnRnYzhpaTRQcUtLMzU4WFFTR0J4MmZmV1NQc2VSMmo4dzRFQk9SdXBzOERTWDREWDdkVFpDUXRsU1FCbENOTEoKOWd5MElZcDJ5T1VpSjhrcDlpalJqb2kzUkZQYWd5ems1N0VXUXZZZGFkaXVCd2FZK0hnYmYzdkxGbkFvdDJyWQpTa1BqRWVZb0lMd3RiKzZWTkZTUFMvOEJmL3NpMGpCcU1SeTBGUit3TmM3czAwbFFXcEhlenc0bFZkSnV0UUJBCkl1NXR3WllNQ1JRSDgwRkQvWVZWd2xOMzJtQW0wQiswRFpGYTI0S1hJVjZEZlRqM285OVlhblhrWkdSTmhWYnkKVjdkU3ZKeEk4dlVyNjA5bW1JS2hkWmpRUk9aR3Z1YlBpTERHU3pBdU96WU1xbzRMZnVSV1lLcjBwSkQzc1E0VApqVk56ZVJCQUthRDJPVVVDZ2dFQkFQZGtHV3Q3TExGM3NNVmNVbFhZWUtrejZ3dzE2QlpnUnBwVHp4cUkwRm1RClcrYnpReXRhbFdXWXZ2WkNGWEhOMTJLencvOS94S3MwbnFxQVdjYTBCcTFkQ0dCM0xuRE53OVNBUEdsK2hmVEwKRVdsR3JKc1ZPbWZnbTB0cG5sOW9DV095RUFjaXVUOWZZT0IzU25pdzBVaVRDeUtzREc4SmlJd0JPZmJqYzVWSwo1TC9iKzNLbEplbjVPQWNHODlnUFFXZUtoT1BUaXRKaENrRXA2V0p1UkVRNmVVMU83TTBodVdDYk1GdTRVQk04CmxpYXpKcFducXBNbmYzV1diL3cyUklsdFpyd2lkSUtVOUJBcDcrWjhBallndmoxeHg4NURiRUxtRFlXZXFRamMKQW5SM3dBR2xjbTdaYnRDbitKR09MQkw1eDJaUlRTYWZiTUVuQnZ0UFQxRUNnZ0VCQU1JZXFDbEJGTDlDRWIvOApnV2ovbEk5YVdSd3UwSzlnU29aZTJlOThnUXNzdkFIMEo1dld5RDMxZHM0ZFVwejdLVnVaSE9VNTNsTzNnMlZiCkpHUnh4cHpDYm1EOWdNcEdMRmRFR3lVL0U0UENXbmQwR01VbFJHZW5Yek5KaUJYSmdiL1NuOEhvQXFYL01lT2oKdnVqb0VVc25ydUVOK21RdjhncEczU0NsR1VmRnhiSTYxVS9GTjhSMUdDSzYvZTFxcWVFcUFvSVRUZzRJU0pZVQordWdIMUxJWDhFc2lkQzhIb3grU2hZcForVCt2WlZWanM1TUlaTFZlQUhSeTR4eDFLbE9Nc2NiNXFZN0VQNkRTCk40Q2JmOExIV0NQODZxeW85Um8wVUFoTG4wcE1lQkVQbHdVL2lTZVJYaGhSemZwNHoyZVlPSGRLVURWRU5mNmQKRnJmaEJGRUNnZ0VBYjd3bVB3VkRDbVNrMG44QU1RV3Bvc0p3UnZPUi80azhXamZBTXB2WWZwdFU1dHE0Vzd4dAovWlVmcXRudUZaaUN6M0doOUtRZ2o3TVVkcTNCM3AwdzV0dytERlBJQmVycHAvRERXR0pzM2tOWmVkTVI0bm1VCkI1YktqU1VIQXRCYWJVemZNRm5la1dEaXdIOGdnNkpZNUE2RjJRTWNHb3FUd2FoTUpkWlZQZmkxbUhJaS80VFgKdXZWMCtMZUxLdXE0LzZyd21uWFJIWFAyemJmQVVWUzhRSlNvZE9KUTBkV0poTGlTL3RvZ1VJL3N3VTNvLzI3YQorOXU3RmNEOGswMXZaeUtpWkJhcnlNNjk3UThENjNYWENkdUFFUUJ5M2haVnIyRjRlZ0ZQRjFGSFNwTkxoWExVClhIeVlNR1d0UHhDWGwzcDVOUjFEVzA1bU1GY1FNREdDQVFLQ0FRRUFuYVZwZEthbWV1OWxwdGR2eW9yQUZzbHkKeURhaHZHRExCSWlVRTFmSW8vTzZzOSs5cmZPOTRYL1hxUHBWRWFwc0hLVTFDZC9zcGdWVWxRTGdpT05XNTliTwpSaGxWQXQ2SjJyYzNiWlhiS3JwV3RPdlN3Uzk0c080RjZkblpCMmhqc1ZOTVZ4RXQ3dWtTUStGWHFldHd4QmR4CnZYdEdJYWJ1RUVFWGdnL2d2eGxscUtMUGhvT0lzamgvdnU4V21uNGRaZS8xV0JucktUVVNoT0ZKczM2a3AwZ1AKT3d2ZUxFUXZzWk5BcFU1aDNSSGxOWXNTdld6REZQbGsydENzNWM5M3J3YmxBK1dPalN2aHUyMVFST0phL2VQdgpKUFoxUTcvTmJGZHpaY2RGWVhYZU9kSzR5NjcvUDBsODU0ZEZwbWZ4RlpoRHJaV1hXY21DZ1VQTGdpRm5wUT09Ci0tLS0tRU5EIFJTQSBQUklWQVRFIEtFWS0tLS0tCg==",
                "cluster_ca_certificate": "LS0tLS1CRUdJTiBDRVJUSUZJQ0FURS0tLS0tCk1JSUU2RENDQXRDZ0F3SUJBZ0lRV1RpUk1tWW0rWXo3TG1FOFVZU0g4ekFOQmdrcWhraUc5dzBCQVFzRkFEQU4KTVFzd0NRWURWUVFERXdKallUQWdGdzB5TXpBNE1UTXhNVFF6TURCYUdBOHlNRFV6TURneE16RXhOVE13TUZvdwpEVEVMTUFrR0ExVUVBeE1DWTJFd2dnSWlNQTBHQ1NxR1NJYjNEUUVCQVFVQUE0SUNEd0F3Z2dJS0FvSUNBUUNWCkkyaisrL0FCdE9LWVd2ZzFPYzdBTENlQ1R1emZBenpZQWVjLzNtL0lxT3VjT2syT0EvNWEwejZ4aVh3Z1BaVS8KamY1QTNUbFdFRWVKRTdPL0VrdGFuTjEyeWxxUjB5Qkt4eU0rVDZLaGhJNXJLZjFFTW1SQVZSTVNzYldZbkp6RgovcEUwK1FWOSsvK3p6Wks2MXNrQVByTzdTYURZQng1em9wSUt1NHFtV0J5RWtUNjdQaXBZdXdXcks3SGJxSFJGCkxyR3R2VTdiUHZVMVNseVg0N3BlNjlBZUl4SXRhSkhvYm1vSHNmeUlxTjdtMnlZbW5jR0wvcjc2QXdOVXloY3IKd3RvUlNjT1dqYkdqOG1iUEI0T0RaWXBTRVo0NG9JSVoyVW1JYit0bnFjaFZoQjN3K0R1NmgyMUwvdG9iNlBxMgppZzhQSHpPZEw3UVVjQlFqL1JMTStkaVc3RGJVZ3RxLzRKQXk3TDgwcFd1cnZmTFlkYzNXb1lKc01LS3BsWC9RCll2U3JPRDJWUDF4c2NjanFTSFRxV1NLMWs5MjYxa1NkaU5GSS9WN3AzUVBpbmhXRm1NVXpjRkZFazI2UEVBZTgKdTJvanlTMjJ6RjVBSDMyczYzaVpJUWRuRWRHdmxyN1l0YVR5WFo4cWxvMi9naHlyUHIzRGdwQlArc01MeGp6MAovbU02RHJhc0VBekpZQUZpOVJHWFBzek55alVkNncvWXlHenphc1h6clNsek9TN0ZSeVJCZ21qM05oT245WENFCldEc2h6bWRiTm5PQ3M5OTRKTm0vZDRabkdUVWFuNVMvSlZ1LzFTRDlGVzdnZ1JaQmhXK2J5MFFVWUNUTE9Wd0sKcXR4SW05M3ZKQ2ZESDdVam13cEFNNWpqbWVyYVhabXlySXN2SE0wM3lRSURBUUFCbzBJd1FEQU9CZ05WSFE4QgpBZjhFQkFNQ0FxUXdEd1lEVlIwVEFRSC9CQVV3QXdFQi96QWRCZ05WSFE0RUZnUVVZa1g3YkZldFlocUhMcmJqCnpSdmZJUVhXUGJjd0RRWUpLb1pJaHZjTkFRRUxCUUFEZ2dJQkFFUWIwdHdHMXZYanBPMmJEanUvMjZMdUdvSXkKSmpZTlNSNGNEcnFLeDhXT29KaityMTNPekVWQUN1NUVKdUNydXgxbm9yWm5IMi9ad2FWaVZyWkowSTFORTNyMQpFa0U3TmZlYnhNWGd0b09hZ245UkdESklhNVhodDhreUVBSll2V0tIbGUrZnhsTnZmMUlETHBJRjMxTEs0c0ljCmQvaG1NOGExcjMvMVBGUTdrQTFZTjIxQURFWHhaOHdUUXZvMDQxL1JMWVhlVVBsb0w3ZVRGaG91MnRwNVIwVDQKVUx4YnNoQitvdmRQQTVyUHh1cUxSRFpJYmJ5MWtqaWVsTTM1Mk5Uc1R0aEs3QldHbTJBY1RJc1IxZlhOL3BWNgpFM1ZHTHlTcm90UXRDZmZveHkwdW93Z1MyK1NCd2RvY2l3Y21ocmlUdW1pdnJxdllsSnp1OGtkRTJ5REU2ZmNMCnZPNUZlREYzbTh0U1VsbkZiR3MrNDFBV3JNRHpHdytOUjZoYTZXNVhONkNsNHBNUjZlSXlBOXhFNHZtSC9mcVEKTHhIcUpWVDI0dnZzUXVBc0FQTE9BdkpMS3lOdStBQmxwZ2VOWE1VQkRJZmxCZWduaHVtMnMveFM5OXVzNmZXNApWeWM3SHZuVk81S3J5WDdqYkp6NVhodkVJQm0xM3IvL2Z4V2w0d2liM0Judko3MG1TeEhIL2V5dzlQT0I5SHB3Cm95dE1oRGI5dlpiTjFySEZFUzd3Qkd3aG05TXc2Q2RoSlBmbnBzdVYzbHNPb3NXZE02WHYrcmlYT3pxUXdNQ28KUm1jSExlTEpHY1NGZHVlWEJWR2dLZW9uZERkSUxZbGNVNnVMd0xDeENoQTNSSTluVUViaHVTTWs1QkUraVlnUgpGaWNxTk5uZUJ0U1JHNnN3Ci0tLS0tRU5EIENFUlRJRklDQVRFLS0tLS0K",
                "host": "https://bug-report-k8s-6vqfdb00.hcp.westeurope.azmk8s.io:443",
                "password": "vomfya2lh63xfwz5vtznkfhgn0n09qdmhg628w608cdnxcl2rf2sh8z261jjx0kkcf54p9otvv8334ebtuil758cv4iog2lijx65fedtfbl3il2t7d4bo39xq7shyy4y",
                "username": "clusterUser_bug-report-rg-AKS_bug-report-cluster"
              }
            ],
            "kube_config_raw": "apiVersion: v1\nclusters:\n- cluster:\n    certificate-authority-data: LS0tLS1CRUdJTiBDRVJUSUZJQ0FURS0tLS0tCk1JSUU2RENDQXRDZ0F3SUJBZ0lRV1RpUk1tWW0rWXo3TG1FOFVZU0g4ekFOQmdrcWhraUc5dzBCQVFzRkFEQU4KTVFzd0NRWURWUVFERXdKallUQWdGdzB5TXpBNE1UTXhNVFF6TURCYUdBOHlNRFV6TURneE16RXhOVE13TUZvdwpEVEVMTUFrR0ExVUVBeE1DWTJFd2dnSWlNQTBHQ1NxR1NJYjNEUUVCQVFVQUE0SUNEd0F3Z2dJS0FvSUNBUUNWCkkyaisrL0FCdE9LWVd2ZzFPYzdBTENlQ1R1emZBenpZQWVjLzNtL0lxT3VjT2syT0EvNWEwejZ4aVh3Z1BaVS8KamY1QTNUbFdFRWVKRTdPL0VrdGFuTjEyeWxxUjB5Qkt4eU0rVDZLaGhJNXJLZjFFTW1SQVZSTVNzYldZbkp6RgovcEUwK1FWOSsvK3p6Wks2MXNrQVByTzdTYURZQng1em9wSUt1NHFtV0J5RWtUNjdQaXBZdXdXcks3SGJxSFJGCkxyR3R2VTdiUHZVMVNseVg0N3BlNjlBZUl4SXRhSkhvYm1vSHNmeUlxTjdtMnlZbW5jR0wvcjc2QXdOVXloY3IKd3RvUlNjT1dqYkdqOG1iUEI0T0RaWXBTRVo0NG9JSVoyVW1JYit0bnFjaFZoQjN3K0R1NmgyMUwvdG9iNlBxMgppZzhQSHpPZEw3UVVjQlFqL1JMTStkaVc3RGJVZ3RxLzRKQXk3TDgwcFd1cnZmTFlkYzNXb1lKc01LS3BsWC9RCll2U3JPRDJWUDF4c2NjanFTSFRxV1NLMWs5MjYxa1NkaU5GSS9WN3AzUVBpbmhXRm1NVXpjRkZFazI2UEVBZTgKdTJvanlTMjJ6RjVBSDMyczYzaVpJUWRuRWRHdmxyN1l0YVR5WFo4cWxvMi9naHlyUHIzRGdwQlArc01MeGp6MAovbU02RHJhc0VBekpZQUZpOVJHWFBzek55alVkNncvWXlHenphc1h6clNsek9TN0ZSeVJCZ21qM05oT245WENFCldEc2h6bWRiTm5PQ3M5OTRKTm0vZDRabkdUVWFuNVMvSlZ1LzFTRDlGVzdnZ1JaQmhXK2J5MFFVWUNUTE9Wd0sKcXR4SW05M3ZKQ2ZESDdVam13cEFNNWpqbWVyYVhabXlySXN2SE0wM3lRSURBUUFCbzBJd1FEQU9CZ05WSFE4QgpBZjhFQkFNQ0FxUXdEd1lEVlIwVEFRSC9CQVV3QXdFQi96QWRCZ05WSFE0RUZnUVVZa1g3YkZldFlocUhMcmJqCnpSdmZJUVhXUGJjd0RRWUpLb1pJaHZjTkFRRUxCUUFEZ2dJQkFFUWIwdHdHMXZYanBPMmJEanUvMjZMdUdvSXkKSmpZTlNSNGNEcnFLeDhXT29KaityMTNPekVWQUN1NUVKdUNydXgxbm9yWm5IMi9ad2FWaVZyWkowSTFORTNyMQpFa0U3TmZlYnhNWGd0b09hZ245UkdESklhNVhodDhreUVBSll2V0tIbGUrZnhsTnZmMUlETHBJRjMxTEs0c0ljCmQvaG1NOGExcjMvMVBGUTdrQTFZTjIxQURFWHhaOHdUUXZvMDQxL1JMWVhlVVBsb0w3ZVRGaG91MnRwNVIwVDQKVUx4YnNoQitvdmRQQTVyUHh1cUxSRFpJYmJ5MWtqaWVsTTM1Mk5Uc1R0aEs3QldHbTJBY1RJc1IxZlhOL3BWNgpFM1ZHTHlTcm90UXRDZmZveHkwdW93Z1MyK1NCd2RvY2l3Y21ocmlUdW1pdnJxdllsSnp1OGtkRTJ5REU2ZmNMCnZPNUZlREYzbTh0U1VsbkZiR3MrNDFBV3JNRHpHdytOUjZoYTZXNVhONkNsNHBNUjZlSXlBOXhFNHZtSC9mcVEKTHhIcUpWVDI0dnZzUXVBc0FQTE9BdkpMS3lOdStBQmxwZ2VOWE1VQkRJZmxCZWduaHVtMnMveFM5OXVzNmZXNApWeWM3SHZuVk81S3J5WDdqYkp6NVhodkVJQm0xM3IvL2Z4V2w0d2liM0Judko3MG1TeEhIL2V5dzlQT0I5SHB3Cm95dE1oRGI5dlpiTjFySEZFUzd3Qkd3aG05TXc2Q2RoSlBmbnBzdVYzbHNPb3NXZE02WHYrcmlYT3pxUXdNQ28KUm1jSExlTEpHY1NGZHVlWEJWR2dLZW9uZERkSUxZbGNVNnVMd0xDeENoQTNSSTluVUViaHVTTWs1QkUraVlnUgpGaWNxTk5uZUJ0U1JHNnN3Ci0tLS0tRU5EIENFUlRJRklDQVRFLS0tLS0K\n    server: https://bug-report-k8s-6vqfdb00.hcp.westeurope.azmk8s.io:443\n  name: bug-report-cluster\ncontexts:\n- context:\n    cluster: bug-report-cluster\n    user: clusterUser_bug-report-rg-AKS_bug-report-cluster\n  name: bug-report-cluster\ncurrent-context: bug-report-cluster\nkind: Config\npreferences: {}\nusers:\n- name: clusterUser_bug-report-rg-AKS_bug-report-cluster\n  user:\n    client-certificate-data: LS0tLS1CRUdJTiBDRVJUSUZJQ0FURS0tLS0tCk1JSUZIVENDQXdXZ0F3SUJBZ0lRSW5XR3hsbEZyWkp0ZXZHbXk1R0s3VEFOQmdrcWhraUc5dzBCQVFzRkFEQU4KTVFzd0NRWURWUVFERXdKallUQWVGdzB5TXpBNE1UTXhNVFF6TURCYUZ3MHlOVEE0TVRNeE1UVXpNREJhTURBeApGekFWQmdOVkJBb1REbk41YzNSbGJUcHRZWE4wWlhKek1SVXdFd1lEVlFRREV3eHRZWE4wWlhKamJHbGxiblF3CmdnSWlNQTBHQ1NxR1NJYjNEUUVCQVFVQUE0SUNEd0F3Z2dJS0FvSUNBUUR4aVV6SmlvZExlZGJiUCsrUWlEbHgKQzEwTjFJU2FQeEZEZUF6MmJwQi9vOFIyY0dtUG5VQllXazNXa0xGNGpWdGxpRjZFaThyQkZBa3JyUU4wTW9qYgpVaDA1TE1LUld5VU1kc1lLVk1zRFdGV1h2cWpxWURiNlZTaFp4dmhXOVJXSlU0eEJORkRQclhCcUxtZWFqOGgwCngrMk5acUZ2Q2QrZzU3QlV6YitvVnkrNTRoeGgwV0trYkZCb2lFZmxINWowVFJJRi9Wa3dDSjYySXcydGpIR0MKRDJTSERxd2dlK2hzY2Y0bmk5M1Q4MDQ0aFhzc1ZaSHNndkFGVFAremFpY2NYY1ROUnoyUDZ1SS9UaUFDWmtWZwptaHcvUGI2anh6VHBzSmllTHlscVJsU21wVHZqSVVPNUVMbXJkU25kdWExWXVvSjdkZXhkbFRSV1kzSXhDSGpRCmlCdmZ1dUg2ZkpVczJuV1p5Mmg4S294UkJDeVYvNDFzZ0VxSk9vVUhLZE9WTjRwYlFHbzJ2cGxtdWpxTTdDbWMKaU43Umw1MUpsR1J4SDZhL1R1ckpBMXREcWdGR0NqdU16SUpQdnNtVXNFaERoVDlSNTE2NVNJd0pJZ0dYWERMZApaRlYxRFNJbVFIbG1VZkhPbDFMcFNKd3hsTit1TXBLOWRCbDNTQ3A5TitFMHJHdTBQZ3JWTXNGVko5S3dhcVZ2CkVlT0dCc0U3dXVUbGh0ZUptZDVBK2JxNmhJNmx0bytDS0NwTHdPZkRJTU4xQjFsbm1HbEI4RkhJZ2ZPRWx2a3QKR0krb3RROGt5NTZ6aTU3VHIzWTBjclFET0FteGJaMmxCcXNNZnRWa0tFNlhVSlNIbGNHcERUakx2b282ck9EZApobnR4ejVodU52YUJIeGFZUE45cDFRSURBUUFCbzFZd1ZEQU9CZ05WSFE4QkFmOEVCQU1DQmFBd0V3WURWUjBsCkJBd3dDZ1lJS3dZQkJRVUhBd0l3REFZRFZSMFRBUUgvQkFJd0FEQWZCZ05WSFNNRUdEQVdnQlJpUmZ0c1Y2MWkKR29jdXR1UE5HOThoQmRZOXR6QU5CZ2txaGtpRzl3MEJBUXNGQUFPQ0FnRUFQa1dlRzVrNXdxS0RoYUE1MzlkSwpWbldIbW9jUnM1WTA2RXlVNmRVV0c5ck4vL2VpdVNJUVBvSk9TSC91VGRFeXY1NUxwU2ZYMXBDUkFNRmtRRlh1Cjh2K0R5RnR0QjlTOFRaVFA0NmFNY0dSaVk1TmdQS0FTdkhEWWNnREc1bUM4WEFBdld0TmVTanc4RXNFL0hGbGwKMUFycFB4SnlBeTVZQzNjN0pqbEdkOTBkSlcxMXljVG8rcVpzcGNmYXNPbUlTYnZQV1htN0FWWXlTZ1hZcXZ6aQpFbkZOQ2FucWliTnphVGJUYXhtbHpZcCtrME80ZXVqdjdOTDAreXpvZFI5aW51RGh2SzVEVEwwT3JLS2VTR0NICnBZcjJvL1NGWjdtMVAvS2JndFRJWTNQMkhITmcwRTUzVUY1MEkvSE83a3pXLzAzdUtoUGhGbVNZS2JJNng1TzEKRzk2b09hSFF6RGFqY05HMnNNZGh1aE1VaTcwaUlQN0NzN0JudisrU2xBZ25DR0dhbEQ3bGx5NmlMdmh6WTQ3Mgp6Ym15ZEo4MGU2MlBxd21YZEZCTm5PeFVnQVU1SmkwNy9LTG42R3pHakhEeStsSnVCNElhaGN1SG5iSEk4WHRvCnpKd01QdytrMHgwSGR6eTJadzlPakJUQnA3Y3lMU0ZRamJOSGdEMUNlU3ZOeDc1ZWI2dDFsMnR2VXFvK1M1VVQKVEd0cmJuLzJtMDFiMkVYQmt0OGFiMlRlcEVFdjQybjJGSE9GOEVZSTNsWlVuVDJlcEdWVkZOdU1UbkhYbER1cgpjVGpSTEx6M0dPd2FWWDBhMGpzUlI0cVZwUU9yMWRwdkMrVzA4M1hVMWs2UUIrSWdCOWtXT2twVDdNQ2NJejVKClI5a015R1ZPdXBFeFpBTjFkSUVVRjBvPQotLS0tLUVORCBDRVJUSUZJQ0FURS0tLS0tCg==\n    client-key-data: LS0tLS1CRUdJTiBSU0EgUFJJVkFURSBLRVktLS0tLQpNSUlKS2dJQkFBS0NBZ0VBOFlsTXlZcUhTM25XMnovdmtJZzVjUXRkRGRTRW1qOFJRM2dNOW02UWY2UEVkbkJwCmo1MUFXRnBOMXBDeGVJMWJaWWhlaEl2S3dSUUpLNjBEZERLSTIxSWRPU3pDa1ZzbERIYkdDbFRMQTFoVmw3Nm8KNm1BMitsVW9XY2I0VnZVVmlWT01RVFJRejYxd2FpNW5tby9JZE1mdGpXYWhid25mb09ld1ZNMi9xRmN2dWVJYwpZZEZpcEd4UWFJaEg1UitZOUUwU0JmMVpNQWlldGlNTnJZeHhnZzlraHc2c0lIdm9iSEgrSjR2ZDAvTk9PSVY3CkxGV1I3SUx3QlV6L3Myb25IRjNFelVjOWorcmlQMDRnQW1aRllKb2NQejIrbzhjMDZiQ1luaThwYWtaVXBxVTcKNHlGRHVSQzVxM1VwM2JtdFdMcUNlM1hzWFpVMFZtTnlNUWg0MElnYjM3cmgrbnlWTE5wMW1jdG9mQ3FNVVFRcwpsZitOYklCS2lUcUZCeW5UbFRlS1cwQnFOcjZaWnJvNmpPd3BuSWplMFplZFNaUmtjUittdjA3cXlRTmJRNm9CClJnbzdqTXlDVDc3SmxMQklRNFUvVWVkZXVVaU1DU0lCbDF3eTNXUlZkUTBpSmtCNVpsSHh6cGRTNlVpY01aVGYKcmpLU3ZYUVpkMGdxZlRmaE5LeHJ0RDRLMVRMQlZTZlNzR3FsYnhIamhnYkJPN3JrNVliWGlabmVRUG02dW9TTwpwYmFQZ2lncVM4RG53eUREZFFkWlo1aHBRZkJSeUlIemhKYjVMUmlQcUxVUEpNdWVzNHVlMDY5Mk5ISzBBemdKCnNXMmRwUWFyREg3VlpDaE9sMUNVaDVYQnFRMDR5NzZLT3F6ZzNZWjdjYytZYmpiMmdSOFdtRHpmYWRVQ0F3RUEKQVFLQ0FnRUF6UVlzNWc3dTFVUncrdDhFclh6VXRYNWQyTFdDY2FRRE5YQWNJTHF0Y1l0RDR2MTh2V2xRQ3k5cwpUeXUzV1lzei83V0g5WjdyMW9UNVc5ZWF6UEZ3ZGlyM24yYTlLY0ZpYTNnT2x3cHU0VUlFTmJDamxYOWlhNUFKCmxsdHN4Zk4zK24rdTJGSmVIa3NzMXhUWTRMd1gvZmtQVGkzRjdvbEZDRUppelRsdzdLWkZYdFh1SGFJc3gwRWgKNS9sMmZha2FucFVsTFd4bVhuMlNxeXlLR2J6VFJRRm41YlN3cTBwQ2Vuc3dyOFRyNFZQd0c4NUNSZG5FNml3agpMWHkwdUVqdE5nanFXdzJUMWl3ZExIdFdkSEwzaFE2TDE2ckR2aVlFWmpGKyt4Y3hZb0tjckhBcHE1eTY3Y2FpCnRFWFo2ZG9JcVA1NGIvQWpXVFNqbm9qL2oxdVBvRjBnQ0FiQWF3L2NTN28vMGs5TE1tNkhGZ2RkdXNKclowNzUKdURaYUZEazgzd3dPVGxHclJjOEVrdi9GZ0dvMFZDR0VPdHg5RnhGVTlWSGhDMmJxd0YyMmVZOVMxUllZdC9MWAptbWlRZmFjNHhOc3Znd0daQUYxZHViOGdqY3JRU3Nydk41b3gyQzBoRGc0L094bUJ5SUE0R1ZiTC9mbTY3L3NNClA0ay9yWlBIK3YyWTVJa0cxa2UrRXFwYnR5bnExMnp4OXZxZ3M1bUxWUFplaGZxSi95eHBVMVVjTWpJTTlmZFUKOGovaWhMeW9aNXRaM3hQOW14Y0szbWFlUlFiUzB3SEFYdlpubVBMbmxFcDM5QTcyVkFKVEgzc2MrbFBxbWRSegpyRk55d2I1c0JJVXJFbjl0VndrdEI1YTI1QUFMOVlmK2NtbldHQndJWC9YTFpIMVE0WUVDZ2dFQkFQbnhDelNJCnRnYzhpaTRQcUtLMzU4WFFTR0J4MmZmV1NQc2VSMmo4dzRFQk9SdXBzOERTWDREWDdkVFpDUXRsU1FCbENOTEoKOWd5MElZcDJ5T1VpSjhrcDlpalJqb2kzUkZQYWd5ems1N0VXUXZZZGFkaXVCd2FZK0hnYmYzdkxGbkFvdDJyWQpTa1BqRWVZb0lMd3RiKzZWTkZTUFMvOEJmL3NpMGpCcU1SeTBGUit3TmM3czAwbFFXcEhlenc0bFZkSnV0UUJBCkl1NXR3WllNQ1JRSDgwRkQvWVZWd2xOMzJtQW0wQiswRFpGYTI0S1hJVjZEZlRqM285OVlhblhrWkdSTmhWYnkKVjdkU3ZKeEk4dlVyNjA5bW1JS2hkWmpRUk9aR3Z1YlBpTERHU3pBdU96WU1xbzRMZnVSV1lLcjBwSkQzc1E0VApqVk56ZVJCQUthRDJPVVVDZ2dFQkFQZGtHV3Q3TExGM3NNVmNVbFhZWUtrejZ3dzE2QlpnUnBwVHp4cUkwRm1RClcrYnpReXRhbFdXWXZ2WkNGWEhOMTJLencvOS94S3MwbnFxQVdjYTBCcTFkQ0dCM0xuRE53OVNBUEdsK2hmVEwKRVdsR3JKc1ZPbWZnbTB0cG5sOW9DV095RUFjaXVUOWZZT0IzU25pdzBVaVRDeUtzREc4SmlJd0JPZmJqYzVWSwo1TC9iKzNLbEplbjVPQWNHODlnUFFXZUtoT1BUaXRKaENrRXA2V0p1UkVRNmVVMU83TTBodVdDYk1GdTRVQk04CmxpYXpKcFducXBNbmYzV1diL3cyUklsdFpyd2lkSUtVOUJBcDcrWjhBallndmoxeHg4NURiRUxtRFlXZXFRamMKQW5SM3dBR2xjbTdaYnRDbitKR09MQkw1eDJaUlRTYWZiTUVuQnZ0UFQxRUNnZ0VCQU1JZXFDbEJGTDlDRWIvOApnV2ovbEk5YVdSd3UwSzlnU29aZTJlOThnUXNzdkFIMEo1dld5RDMxZHM0ZFVwejdLVnVaSE9VNTNsTzNnMlZiCkpHUnh4cHpDYm1EOWdNcEdMRmRFR3lVL0U0UENXbmQwR01VbFJHZW5Yek5KaUJYSmdiL1NuOEhvQXFYL01lT2oKdnVqb0VVc25ydUVOK21RdjhncEczU0NsR1VmRnhiSTYxVS9GTjhSMUdDSzYvZTFxcWVFcUFvSVRUZzRJU0pZVQordWdIMUxJWDhFc2lkQzhIb3grU2hZcForVCt2WlZWanM1TUlaTFZlQUhSeTR4eDFLbE9Nc2NiNXFZN0VQNkRTCk40Q2JmOExIV0NQODZxeW85Um8wVUFoTG4wcE1lQkVQbHdVL2lTZVJYaGhSemZwNHoyZVlPSGRLVURWRU5mNmQKRnJmaEJGRUNnZ0VBYjd3bVB3VkRDbVNrMG44QU1RV3Bvc0p3UnZPUi80azhXamZBTXB2WWZwdFU1dHE0Vzd4dAovWlVmcXRudUZaaUN6M0doOUtRZ2o3TVVkcTNCM3AwdzV0dytERlBJQmVycHAvRERXR0pzM2tOWmVkTVI0bm1VCkI1YktqU1VIQXRCYWJVemZNRm5la1dEaXdIOGdnNkpZNUE2RjJRTWNHb3FUd2FoTUpkWlZQZmkxbUhJaS80VFgKdXZWMCtMZUxLdXE0LzZyd21uWFJIWFAyemJmQVVWUzhRSlNvZE9KUTBkV0poTGlTL3RvZ1VJL3N3VTNvLzI3YQorOXU3RmNEOGswMXZaeUtpWkJhcnlNNjk3UThENjNYWENkdUFFUUJ5M2haVnIyRjRlZ0ZQRjFGSFNwTkxoWExVClhIeVlNR1d0UHhDWGwzcDVOUjFEVzA1bU1GY1FNREdDQVFLQ0FRRUFuYVZwZEthbWV1OWxwdGR2eW9yQUZzbHkKeURhaHZHRExCSWlVRTFmSW8vTzZzOSs5cmZPOTRYL1hxUHBWRWFwc0hLVTFDZC9zcGdWVWxRTGdpT05XNTliTwpSaGxWQXQ2SjJyYzNiWlhiS3JwV3RPdlN3Uzk0c080RjZkblpCMmhqc1ZOTVZ4RXQ3dWtTUStGWHFldHd4QmR4CnZYdEdJYWJ1RUVFWGdnL2d2eGxscUtMUGhvT0lzamgvdnU4V21uNGRaZS8xV0JucktUVVNoT0ZKczM2a3AwZ1AKT3d2ZUxFUXZzWk5BcFU1aDNSSGxOWXNTdld6REZQbGsydENzNWM5M3J3YmxBK1dPalN2aHUyMVFST0phL2VQdgpKUFoxUTcvTmJGZHpaY2RGWVhYZU9kSzR5NjcvUDBsODU0ZEZwbWZ4RlpoRHJaV1hXY21DZ1VQTGdpRm5wUT09Ci0tLS0tRU5EIFJTQSBQUklWQVRFIEtFWS0tLS0tCg==\n    token: vomfya2lh63xfwz5vtznkfhgn0n09qdmhg628w608cdnxcl2rf2sh8z261jjx0kkcf54p9otvv8334ebtuil758cv4iog2lijx65fedtfbl3il2t7d4bo39xq7shyy4y\n",
            "kubelet_identity": [
              {
                "client_id": "ede97fcf-56e8-4089-aa22-96350f162d99",
                "object_id": "efd50856-e951-44ac-88dd-4de65f571cab",
                "user_assigned_identity_id": "/subscriptions/dc6bcfa4-7db8-4f95-afaa-49236377382c/resourceGroups/MC_bug-report-rg-AKS_bug-report-cluster_westeurope/providers/Microsoft.ManagedIdentity/userAssignedIdentities/bug-report-cluster-agentpool"
              }
            ],
            "kubernetes_version": "1.26.6",
            "linux_profile": [],
            "local_account_disabled": false,
            "location": "westeurope",
            "maintenance_window": [],
            "maintenance_window_auto_upgrade": [],
            "maintenance_window_node_os": [],
            "microsoft_defender": [],
            "monitor_metrics": [],
            "name": "bug-report-cluster",
            "network_profile": [
              {
                "dns_service_ip": "10.0.0.10",
                "docker_bridge_cidr": "",
                "ebpf_data_plane": "",
                "ip_versions": [
                  "IPv4"
                ],
                "load_balancer_profile": [
                  {
                    "effective_outbound_ips": [
                      "/subscriptions/dc6bcfa4-7db8-4f95-afaa-49236377382c/resourceGroups/MC_bug-report-rg-AKS_bug-report-cluster_westeurope/providers/Microsoft.Network/publicIPAddresses/752fc868-1ed2-422b-aae3-ede3ad659146"
                    ],
                    "idle_timeout_in_minutes": 0,
                    "managed_outbound_ip_count": 1,
                    "managed_outbound_ipv6_count": 0,
                    "outbound_ip_address_ids": [],
                    "outbound_ip_prefix_ids": [],
                    "outbound_ports_allocated": 0
                  }
                ],
                "load_balancer_sku": "standard",
                "nat_gateway_profile": [],
                "network_mode": "",
                "network_plugin": "kubenet",
                "network_plugin_mode": "",
                "network_policy": "",
                "outbound_type": "loadBalancer",
                "pod_cidr": "10.244.0.0/16",
                "pod_cidrs": [
                  "10.244.0.0/16"
                ],
                "service_cidr": "10.0.0.0/16",
                "service_cidrs": [
                  "10.0.0.0/16"
                ]
              }
            ],
            "node_os_channel_upgrade": null,
            "node_resource_group": "MC_bug-report-rg-AKS_bug-report-cluster_westeurope",
            "node_resource_group_id": "/subscriptions/dc6bcfa4-7db8-4f95-afaa-49236377382c/resourceGroups/MC_bug-report-rg-AKS_bug-report-cluster_westeurope",
            "oidc_issuer_enabled": false,
            "oidc_issuer_url": "",
            "oms_agent": [],
            "open_service_mesh_enabled": false,
            "portal_fqdn": "bug-report-k8s-6vqfdb00.portal.hcp.westeurope.azmk8s.io",
            "private_cluster_enabled": false,
            "private_cluster_public_fqdn_enabled": false,
            "private_dns_zone_id": null,
            "private_fqdn": "",
            "public_network_access_enabled": true,
            "resource_group_name": "bug-report-rg-AKS",
            "role_based_access_control_enabled": true,
            "run_command_enabled": true,
            "service_mesh_profile": [],
            "service_principal": [],
            "sku_tier": "Free",
            "storage_profile": [],
            "tags": {},
            "timeouts": null,
            "web_app_routing": [],
            "windows_profile": [],
            "workload_autoscaler_profile": [],
            "workload_identity_enabled": false
          },
          "sensitive_attributes": [],
          "private": "eyJlMmJmYjczMC1lY2FhLTExZTYtOGY4OC0zNDM2M2JjN2M0YzAiOnsiY3JlYXRlIjo1NDAwMDAwMDAwMDAwLCJkZWxldGUiOjU0MDAwMDAwMDAwMDAsInJlYWQiOjMwMDAwMDAwMDAwMCwidXBkYXRlIjo1NDAwMDAwMDAwMDAwfSwic2NoZW1hX3ZlcnNpb24iOiIyIn0=",
          "dependencies": [
            "azurerm_application_gateway.default",
            "azurerm_network_security_group.default",
            "azurerm_public_ip.default",
            "azurerm_resource_group.default",
            "azurerm_resource_group.default-AKS",
            "azurerm_virtual_network.default"
          ]
        }
      ]
    },
    {
      "mode": "managed",
      "type": "azurerm_network_security_group",
      "name": "default",
      "provider": "provider[\"registry.terraform.io/hashicorp/azurerm\"]",
      "instances": [
        {
          "schema_version": 0,
          "attributes": {
            "id": "/subscriptions/dc6bcfa4-7db8-4f95-afaa-49236377382c/resourceGroups/bug-report-rg/providers/Microsoft.Network/networkSecurityGroups/bug-report-ag-nsg",
            "location": "westeurope",
            "name": "bug-report-ag-nsg",
            "resource_group_name": "bug-report-rg",
            "security_rule": [
              {
                "access": "Allow",
                "description": "",
                "destination_address_prefix": "*",
                "destination_address_prefixes": [],
                "destination_application_security_group_ids": [],
                "destination_port_range": "65200-65535",
                "destination_port_ranges": [],
                "direction": "Inbound",
                "name": "AllowApplicationGatewayInboundTrafficNecessaryPorts",
                "priority": 100,
                "protocol": "*",
                "source_address_prefix": "*",
                "source_address_prefixes": [],
                "source_application_security_group_ids": [],
                "source_port_range": "*",
                "source_port_ranges": []
              },
              {
                "access": "Allow",
                "description": "",
                "destination_address_prefix": "*",
                "destination_address_prefixes": [],
                "destination_application_security_group_ids": [],
                "destination_port_range": "80",
                "destination_port_ranges": [],
                "direction": "Inbound",
                "name": "AllowApplicationGatewayInboundTrafficPort80",
                "priority": 101,
                "protocol": "*",
                "source_address_prefix": "*",
                "source_address_prefixes": [],
                "source_application_security_group_ids": [],
                "source_port_range": "*",
                "source_port_ranges": []
              }
            ],
            "tags": {},
            "timeouts": null
          },
          "sensitive_attributes": [],
          "private": "eyJlMmJmYjczMC1lY2FhLTExZTYtOGY4OC0zNDM2M2JjN2M0YzAiOnsiY3JlYXRlIjoxODAwMDAwMDAwMDAwLCJkZWxldGUiOjE4MDAwMDAwMDAwMDAsInJlYWQiOjMwMDAwMDAwMDAwMCwidXBkYXRlIjoxODAwMDAwMDAwMDAwfX0=",
          "dependencies": [
            "azurerm_resource_group.default"
          ]
        }
      ]
    },
    {
      "mode": "managed",
      "type": "azurerm_public_ip",
      "name": "default",
      "provider": "provider[\"registry.terraform.io/hashicorp/azurerm\"]",
      "instances": [
        {
          "schema_version": 0,
          "attributes": {
            "allocation_method": "Static",
            "ddos_protection_mode": "VirtualNetworkInherited",
            "ddos_protection_plan_id": null,
            "domain_name_label": null,
            "edge_zone": "",
            "fqdn": null,
            "id": "/subscriptions/dc6bcfa4-7db8-4f95-afaa-49236377382c/resourceGroups/bug-report-rg/providers/Microsoft.Network/publicIPAddresses/bug-report-pip",
            "idle_timeout_in_minutes": 4,
            "ip_address": "51.124.211.171",
            "ip_tags": {},
            "ip_version": "IPv4",
            "location": "westeurope",
            "name": "bug-report-pip",
            "public_ip_prefix_id": null,
            "resource_group_name": "bug-report-rg",
            "reverse_fqdn": null,
            "sku": "Standard",
            "sku_tier": "Regional",
            "tags": {
              "environment": "bug-report"
            },
            "timeouts": null,
            "zones": []
          },
          "sensitive_attributes": [],
          "private": "eyJlMmJmYjczMC1lY2FhLTExZTYtOGY4OC0zNDM2M2JjN2M0YzAiOnsiY3JlYXRlIjoxODAwMDAwMDAwMDAwLCJkZWxldGUiOjE4MDAwMDAwMDAwMDAsInJlYWQiOjMwMDAwMDAwMDAwMCwidXBkYXRlIjoxODAwMDAwMDAwMDAwfX0=",
          "dependencies": [
            "azurerm_resource_group.default"
          ]
        }
      ]
    },
    {
      "mode": "managed",
      "type": "azurerm_resource_group",
      "name": "default",
      "provider": "provider[\"registry.terraform.io/hashicorp/azurerm\"]",
      "instances": [
        {
          "schema_version": 0,
          "attributes": {
            "id": "/subscriptions/dc6bcfa4-7db8-4f95-afaa-49236377382c/resourceGroups/bug-report-rg",
            "location": "westeurope",
            "managed_by": "",
            "name": "bug-report-rg",
            "tags": {},
            "timeouts": null
          },
          "sensitive_attributes": [],
          "private": "eyJlMmJmYjczMC1lY2FhLTExZTYtOGY4OC0zNDM2M2JjN2M0YzAiOnsiY3JlYXRlIjo1NDAwMDAwMDAwMDAwLCJkZWxldGUiOjU0MDAwMDAwMDAwMDAsInJlYWQiOjMwMDAwMDAwMDAwMCwidXBkYXRlIjo1NDAwMDAwMDAwMDAwfX0="
        }
      ]
    },
    {
      "mode": "managed",
      "type": "azurerm_resource_group",
      "name": "default-AKS",
      "provider": "provider[\"registry.terraform.io/hashicorp/azurerm\"]",
      "instances": [
        {
          "schema_version": 0,
          "attributes": {
            "id": "/subscriptions/dc6bcfa4-7db8-4f95-afaa-49236377382c/resourceGroups/bug-report-rg-AKS",
            "location": "westeurope",
            "managed_by": "",
            "name": "bug-report-rg-AKS",
            "tags": {},
            "timeouts": null
          },
          "sensitive_attributes": [],
          "private": "eyJlMmJmYjczMC1lY2FhLTExZTYtOGY4OC0zNDM2M2JjN2M0YzAiOnsiY3JlYXRlIjo1NDAwMDAwMDAwMDAwLCJkZWxldGUiOjU0MDAwMDAwMDAwMDAsInJlYWQiOjMwMDAwMDAwMDAwMCwidXBkYXRlIjo1NDAwMDAwMDAwMDAwfX0="
        }
      ]
    },
    {
      "mode": "managed",
      "type": "azurerm_role_assignment",
      "name": "aks-agic-ag-1",
      "provider": "provider[\"registry.terraform.io/hashicorp/azurerm\"]",
      "instances": [
        {
          "schema_version": 0,
          "attributes": {
            "condition": "",
            "condition_version": "",
            "delegated_managed_identity_resource_id": "",
            "description": "",
            "id": "/subscriptions/dc6bcfa4-7db8-4f95-afaa-49236377382c/resourcegroups/bug-report-rg/providers/microsoft.network/applicationgateways/bug-report-appgateway/providers/Microsoft.Authorization/roleAssignments/5ae42599-7836-5099-d0bb-69457ae998ce",
            "name": "5ae42599-7836-5099-d0bb-69457ae998ce",
            "principal_id": "6c3b0081-acb1-476f-b01d-d1a17e142d98",
            "principal_type": "ServicePrincipal",
            "role_definition_id": "/subscriptions/dc6bcfa4-7db8-4f95-afaa-49236377382c/providers/Microsoft.Authorization/roleDefinitions/b24988ac-6180-42a0-ab88-20f7382dd24c",
            "role_definition_name": "Contributor",
            "scope": "/subscriptions/dc6bcfa4-7db8-4f95-afaa-49236377382c/resourcegroups/bug-report-rg/providers/microsoft.network/applicationgateways/bug-report-appgateway",
            "skip_service_principal_aad_check": null,
            "timeouts": null
          },
          "sensitive_attributes": [],
          "private": "eyJlMmJmYjczMC1lY2FhLTExZTYtOGY4OC0zNDM2M2JjN2M0YzAiOnsiY3JlYXRlIjoxODAwMDAwMDAwMDAwLCJkZWxldGUiOjE4MDAwMDAwMDAwMDAsInJlYWQiOjMwMDAwMDAwMDAwMCwidXBkYXRlIjoxODAwMDAwMDAwMDAwfX0=",
          "dependencies": [
            "azurerm_application_gateway.default",
            "azurerm_kubernetes_cluster.default",
            "azurerm_network_security_group.default",
            "azurerm_public_ip.default",
            "azurerm_resource_group.default",
            "azurerm_resource_group.default-AKS",
            "azurerm_virtual_network.default"
          ]
        }
      ]
    },
    {
      "mode": "managed",
      "type": "azurerm_role_assignment",
      "name": "aks-agic-ag-2",
      "provider": "provider[\"registry.terraform.io/hashicorp/azurerm\"]",
      "instances": [
        {
          "schema_version": 0,
          "attributes": {
            "condition": "",
            "condition_version": "",
            "delegated_managed_identity_resource_id": "",
            "description": "",
            "id": "/subscriptions/dc6bcfa4-7db8-4f95-afaa-49236377382c/resourcegroups/bug-report-rg/providers/microsoft.network/applicationgateways/bug-report-appgateway/providers/Microsoft.Authorization/roleAssignments/0d639710-7e06-ae38-c87d-3977443cb3a3",
            "name": "0d639710-7e06-ae38-c87d-3977443cb3a3",
            "principal_id": "6c3b0081-acb1-476f-b01d-d1a17e142d98",
            "principal_type": "ServicePrincipal",
            "role_definition_id": "/subscriptions/dc6bcfa4-7db8-4f95-afaa-49236377382c/providers/Microsoft.Authorization/roleDefinitions/4d97b98b-1d4f-4787-a291-c67834d212e7",
            "role_definition_name": "Network Contributor",
            "scope": "/subscriptions/dc6bcfa4-7db8-4f95-afaa-49236377382c/resourcegroups/bug-report-rg/providers/microsoft.network/applicationgateways/bug-report-appgateway",
            "skip_service_principal_aad_check": null,
            "timeouts": null
          },
          "sensitive_attributes": [],
          "private": "eyJlMmJmYjczMC1lY2FhLTExZTYtOGY4OC0zNDM2M2JjN2M0YzAiOnsiY3JlYXRlIjoxODAwMDAwMDAwMDAwLCJkZWxldGUiOjE4MDAwMDAwMDAwMDAsInJlYWQiOjMwMDAwMDAwMDAwMCwidXBkYXRlIjoxODAwMDAwMDAwMDAwfX0=",
          "dependencies": [
            "azurerm_application_gateway.default",
            "azurerm_kubernetes_cluster.default",
            "azurerm_network_security_group.default",
            "azurerm_public_ip.default",
            "azurerm_resource_group.default",
            "azurerm_resource_group.default-AKS",
            "azurerm_virtual_network.default"
          ]
        }
      ]
    },
    {
      "mode": "managed",
      "type": "azurerm_role_assignment",
      "name": "aks-agic-rg",
      "provider": "provider[\"registry.terraform.io/hashicorp/azurerm\"]",
      "instances": [
        {
          "schema_version": 0,
          "attributes": {
            "condition": "",
            "condition_version": "",
            "delegated_managed_identity_resource_id": "",
            "description": "",
            "id": "/subscriptions/dc6bcfa4-7db8-4f95-afaa-49236377382c/resourcegroups/bug-report-rg/providers/Microsoft.Authorization/roleAssignments/cf07c018-dd7c-b5ec-8080-1e1d5afc1280",
            "name": "cf07c018-dd7c-b5ec-8080-1e1d5afc1280",
            "principal_id": "6c3b0081-acb1-476f-b01d-d1a17e142d98",
            "principal_type": "ServicePrincipal",
            "role_definition_id": "/subscriptions/dc6bcfa4-7db8-4f95-afaa-49236377382c/providers/Microsoft.Authorization/roleDefinitions/acdd72a7-3385-48ef-bd42-f606fba81ae7",
            "role_definition_name": "Reader",
            "scope": "/subscriptions/dc6bcfa4-7db8-4f95-afaa-49236377382c/resourcegroups/bug-report-rg",
            "skip_service_principal_aad_check": null,
            "timeouts": null
          },
          "sensitive_attributes": [],
          "private": "eyJlMmJmYjczMC1lY2FhLTExZTYtOGY4OC0zNDM2M2JjN2M0YzAiOnsiY3JlYXRlIjoxODAwMDAwMDAwMDAwLCJkZWxldGUiOjE4MDAwMDAwMDAwMDAsInJlYWQiOjMwMDAwMDAwMDAwMCwidXBkYXRlIjoxODAwMDAwMDAwMDAwfX0=",
          "dependencies": [
            "azurerm_application_gateway.default",
            "azurerm_kubernetes_cluster.default",
            "azurerm_network_security_group.default",
            "azurerm_public_ip.default",
            "azurerm_resource_group.default",
            "azurerm_resource_group.default-AKS",
            "azurerm_virtual_network.default"
          ]
        }
      ]
    },
    {
      "mode": "managed",
      "type": "azurerm_role_assignment",
      "name": "aks-agic-vnet",
      "provider": "provider[\"registry.terraform.io/hashicorp/azurerm\"]",
      "instances": [
        {
          "schema_version": 0,
          "attributes": {
            "condition": "",
            "condition_version": "",
            "delegated_managed_identity_resource_id": "",
            "description": "",
            "id": "/subscriptions/dc6bcfa4-7db8-4f95-afaa-49236377382c/resourcegroups/bug-report-rg/providers/microsoft.network/virtualnetworks/bug-report-vnet/providers/Microsoft.Authorization/roleAssignments/7c570f2f-cfdb-2269-98b1-f8cde029096e",
            "name": "7c570f2f-cfdb-2269-98b1-f8cde029096e",
            "principal_id": "6c3b0081-acb1-476f-b01d-d1a17e142d98",
            "principal_type": "ServicePrincipal",
            "role_definition_id": "/subscriptions/dc6bcfa4-7db8-4f95-afaa-49236377382c/providers/Microsoft.Authorization/roleDefinitions/4d97b98b-1d4f-4787-a291-c67834d212e7",
            "role_definition_name": "Network Contributor",
            "scope": "/subscriptions/dc6bcfa4-7db8-4f95-afaa-49236377382c/resourcegroups/bug-report-rg/providers/microsoft.network/virtualnetworks/bug-report-vnet",
            "skip_service_principal_aad_check": null,
            "timeouts": null
          },
          "sensitive_attributes": [],
          "private": "eyJlMmJmYjczMC1lY2FhLTExZTYtOGY4OC0zNDM2M2JjN2M0YzAiOnsiY3JlYXRlIjoxODAwMDAwMDAwMDAwLCJkZWxldGUiOjE4MDAwMDAwMDAwMDAsInJlYWQiOjMwMDAwMDAwMDAwMCwidXBkYXRlIjoxODAwMDAwMDAwMDAwfX0=",
          "dependencies": [
            "azurerm_application_gateway.default",
            "azurerm_kubernetes_cluster.default",
            "azurerm_network_security_group.default",
            "azurerm_public_ip.default",
            "azurerm_resource_group.default",
            "azurerm_resource_group.default-AKS",
            "azurerm_virtual_network.default"
          ]
        }
      ]
    },
    {
      "mode": "managed",
      "type": "azurerm_virtual_network",
      "name": "default",
      "provider": "provider[\"registry.terraform.io/hashicorp/azurerm\"]",
      "instances": [
        {
          "schema_version": 0,
          "attributes": {
            "address_space": [
              "10.240.0.0/12"
            ],
            "bgp_community": "",
            "ddos_protection_plan": [],
            "dns_servers": [],
            "edge_zone": "",
            "encryption": [],
            "flow_timeout_in_minutes": 0,
            "guid": "d7c26ebb-2b61-4b13-b3e6-1b5f7e6a0480",
            "id": "/subscriptions/dc6bcfa4-7db8-4f95-afaa-49236377382c/resourceGroups/bug-report-rg/providers/Microsoft.Network/virtualNetworks/bug-report-vnet",
            "location": "westeurope",
            "name": "bug-report-vnet",
            "resource_group_name": "bug-report-rg",
            "subnet": [
              {
                "address_prefix": "10.240.0.0/16",
                "id": "/subscriptions/dc6bcfa4-7db8-4f95-afaa-49236377382c/resourceGroups/bug-report-rg/providers/Microsoft.Network/virtualNetworks/bug-report-vnet/subnets/ag",
                "name": "ag",
                "security_group": "/subscriptions/dc6bcfa4-7db8-4f95-afaa-49236377382c/resourceGroups/bug-report-rg/providers/Microsoft.Network/networkSecurityGroups/bug-report-ag-nsg"
              }
            ],
            "tags": {},
            "timeouts": null
          },
          "sensitive_attributes": [],
          "private": "eyJlMmJmYjczMC1lY2FhLTExZTYtOGY4OC0zNDM2M2JjN2M0YzAiOnsiY3JlYXRlIjoxODAwMDAwMDAwMDAwLCJkZWxldGUiOjE4MDAwMDAwMDAwMDAsInJlYWQiOjMwMDAwMDAwMDAwMCwidXBkYXRlIjoxODAwMDAwMDAwMDAwfX0=",
          "dependencies": [
            "azurerm_network_security_group.default",
            "azurerm_resource_group.default"
          ]
        }
      ]
    },
    {
      "mode": "managed",
      "type": "azurerm_virtual_network",
      "name": "default-AKS",
      "provider": "provider[\"registry.terraform.io/hashicorp/azurerm\"]",
      "instances": [
        {
          "schema_version": 0,
          "attributes": {
            "address_space": [
              "192.168.1.0/24"
            ],
            "bgp_community": "",
            "ddos_protection_plan": [],
            "dns_servers": [],
            "edge_zone": "",
            "encryption": [],
            "flow_timeout_in_minutes": 0,
            "guid": "5b4e6981-d6eb-49d4-a067-f198c556e29f",
            "id": "/subscriptions/dc6bcfa4-7db8-4f95-afaa-49236377382c/resourceGroups/bug-report-rg-AKS/providers/Microsoft.Network/virtualNetworks/bug-report-vnet",
            "location": "westeurope",
            "name": "bug-report-vnet",
            "resource_group_name": "bug-report-rg-AKS",
            "subnet": [],
            "tags": {},
            "timeouts": null
          },
          "sensitive_attributes": [],
          "private": "eyJlMmJmYjczMC1lY2FhLTExZTYtOGY4OC0zNDM2M2JjN2M0YzAiOnsiY3JlYXRlIjoxODAwMDAwMDAwMDAwLCJkZWxldGUiOjE4MDAwMDAwMDAwMDAsInJlYWQiOjMwMDAwMDAwMDAwMCwidXBkYXRlIjoxODAwMDAwMDAwMDAwfX0=",
          "dependencies": [
            "azurerm_resource_group.default-AKS"
          ]
        }
      ]
    },
    {
      "mode": "managed",
      "type": "azurerm_virtual_network_peering",
      "name": "ag2aks",
      "provider": "provider[\"registry.terraform.io/hashicorp/azurerm\"]",
      "instances": [
        {
          "schema_version": 0,
          "attributes": {
            "allow_forwarded_traffic": false,
            "allow_gateway_transit": false,
            "allow_virtual_network_access": true,
            "id": "/subscriptions/dc6bcfa4-7db8-4f95-afaa-49236377382c/resourceGroups/bug-report-rg/providers/Microsoft.Network/virtualNetworks/bug-report-vnet/virtualNetworkPeerings/ag2aks",
            "name": "ag2aks",
            "remote_virtual_network_id": "/subscriptions/dc6bcfa4-7db8-4f95-afaa-49236377382c/resourceGroups/bug-report-rg-AKS/providers/Microsoft.Network/virtualNetworks/bug-report-vnet",
            "resource_group_name": "bug-report-rg",
            "timeouts": null,
            "triggers": null,
            "use_remote_gateways": false,
            "virtual_network_name": "bug-report-vnet"
          },
          "sensitive_attributes": [],
          "private": "eyJlMmJmYjczMC1lY2FhLTExZTYtOGY4OC0zNDM2M2JjN2M0YzAiOnsiY3JlYXRlIjoxODAwMDAwMDAwMDAwLCJkZWxldGUiOjE4MDAwMDAwMDAwMDAsInJlYWQiOjMwMDAwMDAwMDAwMCwidXBkYXRlIjoxODAwMDAwMDAwMDAwfX0=",
          "dependencies": [
            "azurerm_network_security_group.default",
            "azurerm_resource_group.default",
            "azurerm_resource_group.default-AKS",
            "azurerm_virtual_network.default",
            "azurerm_virtual_network.default-AKS"
          ]
        }
      ]
    },
    {
      "mode": "managed",
      "type": "azurerm_virtual_network_peering",
      "name": "aks2ag",
      "provider": "provider[\"registry.terraform.io/hashicorp/azurerm\"]",
      "instances": [
        {
          "schema_version": 0,
          "attributes": {
            "allow_forwarded_traffic": false,
            "allow_gateway_transit": false,
            "allow_virtual_network_access": true,
            "id": "/subscriptions/dc6bcfa4-7db8-4f95-afaa-49236377382c/resourceGroups/bug-report-rg-AKS/providers/Microsoft.Network/virtualNetworks/bug-report-vnet/virtualNetworkPeerings/aks2ag",
            "name": "aks2ag",
            "remote_virtual_network_id": "/subscriptions/dc6bcfa4-7db8-4f95-afaa-49236377382c/resourceGroups/bug-report-rg/providers/Microsoft.Network/virtualNetworks/bug-report-vnet",
            "resource_group_name": "bug-report-rg-AKS",
            "timeouts": null,
            "triggers": null,
            "use_remote_gateways": false,
            "virtual_network_name": "bug-report-vnet"
          },
          "sensitive_attributes": [],
          "private": "eyJlMmJmYjczMC1lY2FhLTExZTYtOGY4OC0zNDM2M2JjN2M0YzAiOnsiY3JlYXRlIjoxODAwMDAwMDAwMDAwLCJkZWxldGUiOjE4MDAwMDAwMDAwMDAsInJlYWQiOjMwMDAwMDAwMDAwMCwidXBkYXRlIjoxODAwMDAwMDAwMDAwfX0=",
          "dependencies": [
            "azurerm_network_security_group.default",
            "azurerm_resource_group.default",
            "azurerm_resource_group.default-AKS",
            "azurerm_virtual_network.default",
            "azurerm_virtual_network.default-AKS"
          ]
        }
      ]
    }
  ],
  "check_results": []
}
